// !$*UTF8*$!
{
	archiveVersion = 1;
	classes = {
	};
	objectVersion = 52;
	objects = {

/* Begin PBXBuildFile section */
		6E0518BD27989DA700843352 /* NewNameAlert.swift in Sources */ = {isa = PBXBuildFile; fileRef = 6E0518BC27989DA700843352 /* NewNameAlert.swift */; };
		6E0518C12798BEE600843352 /* BuildSingletonPhraseView.swift in Sources */ = {isa = PBXBuildFile; fileRef = 6E0518C02798BEE600843352 /* BuildSingletonPhraseView.swift */; };
		6E0518C32798CB1100843352 /* BuildNounPhraseView.swift in Sources */ = {isa = PBXBuildFile; fileRef = 6E0518C22798CB1100843352 /* BuildNounPhraseView.swift */; };
		6E0518C72799DB1200843352 /* RegularWordViewModel.swift in Sources */ = {isa = PBXBuildFile; fileRef = 6E0518C62799DB1200843352 /* RegularWordViewModel.swift */; };
		6E0518C9279A00E500843352 /* BuildNamedPhraseView.swift in Sources */ = {isa = PBXBuildFile; fileRef = 6E0518C8279A00E500843352 /* BuildNamedPhraseView.swift */; };
		6E0518D1279B2F5000843352 /* PhrasesInAgnosticOrSingleLanguageView.swift in Sources */ = {isa = PBXBuildFile; fileRef = 6E0518D0279B2F5000843352 /* PhrasesInAgnosticOrSingleLanguageView.swift */; };
		6E098C8D274D9D9F00578DF0 /* SentenceView.swift in Sources */ = {isa = PBXBuildFile; fileRef = 6E098C8C274D9D9F00578DF0 /* SentenceView.swift */; };
		6E098C8F274EEC0600578DF0 /* LanguageSelectorView.swift in Sources */ = {isa = PBXBuildFile; fileRef = 6E098C8E274EEC0600578DF0 /* LanguageSelectorView.swift */; };
		6E0BF8302789F7F300CEC576 /* Capitulo.swift in Sources */ = {isa = PBXBuildFile; fileRef = 6E0BF82F2789F7F300CEC576 /* Capitulo.swift */; };
		6E228A2F2748097700E26B86 /* WordSurgery.swift in Sources */ = {isa = PBXBuildFile; fileRef = 6E228A2E2748097700E26B86 /* WordSurgery.swift */; };
		6E273EAF26B9ACDB002D219A /* HeaderView.swift in Sources */ = {isa = PBXBuildFile; fileRef = 6E273EAE26B9ACDB002D219A /* HeaderView.swift */; };
		6E273EB126B9B40A002D219A /* LanguageChooserView.swift in Sources */ = {isa = PBXBuildFile; fileRef = 6E273EB026B9B40A002D219A /* LanguageChooserView.swift */; };
		6E68AA8E26A7758200E53331 /* DetailedPhraseView.swift in Sources */ = {isa = PBXBuildFile; fileRef = 6E68AA8D26A7758200E53331 /* DetailedPhraseView.swift */; };
		6E6A492D2644565B0096C36F /* GamesTemplate.swift in Sources */ = {isa = PBXBuildFile; fileRef = 6E6A492C2644565B0096C36F /* GamesTemplate.swift */; };
		6E6A492F264466F90096C36F /* NounGames.swift in Sources */ = {isa = PBXBuildFile; fileRef = 6E6A492E264466F90096C36F /* NounGames.swift */; };
		6E6A4931264467120096C36F /* ArticleGames.swift in Sources */ = {isa = PBXBuildFile; fileRef = 6E6A4930264467120096C36F /* ArticleGames.swift */; };
		6E6A4933264467290096C36F /* VerbGames.swift in Sources */ = {isa = PBXBuildFile; fileRef = 6E6A4932264467290096C36F /* VerbGames.swift */; };
		6E6A493526446FF50096C36F /* AdjectiveGames.swift in Sources */ = {isa = PBXBuildFile; fileRef = 6E6A493426446FF50096C36F /* AdjectiveGames.swift */; };
		6E6A494626457E8D0096C36F /* CategoryView.swift in Sources */ = {isa = PBXBuildFile; fileRef = 6E6A494526457E8C0096C36F /* CategoryView.swift */; };
		6E6A494A264591F20096C36F /* ConciseListView.swift in Sources */ = {isa = PBXBuildFile; fileRef = 6E6A4949264591F20096C36F /* ConciseListView.swift */; };
		6E6A494C26459A3E0096C36F /* ExpandedAdjectiveView.swift in Sources */ = {isa = PBXBuildFile; fileRef = 6E6A494B26459A3E0096C36F /* ExpandedAdjectiveView.swift */; };
		6E6A494F2645CC7C0096C36F /* WordComponent.swift in Sources */ = {isa = PBXBuildFile; fileRef = 6E6A494E2645CC7C0096C36F /* WordComponent.swift */; };
		6E83D961268F7D81007912FE /* PersonalPronounGames.swift in Sources */ = {isa = PBXBuildFile; fileRef = 6E83D960268F7D81007912FE /* PersonalPronounGames.swift */; };
		6E83D96E26A47BFC007912FE /* ContextFreeLesson.swift in Sources */ = {isa = PBXBuildFile; fileRef = 6E83D96D26A47BFB007912FE /* ContextFreeLesson.swift */; };
		6E83D97026A5F50B007912FE /* ContextFreeLessonView.swift in Sources */ = {isa = PBXBuildFile; fileRef = 6E83D96F26A5F50B007912FE /* ContextFreeLessonView.swift */; };
		6E87AE4D278B9D410089CDC3 /* FilledPhraseView.swift in Sources */ = {isa = PBXBuildFile; fileRef = 6E87AE4C278B9D410089CDC3 /* FilledPhraseView.swift */; };
		6E87AE51278CDA700089CDC3 /* LoadWordsIntoPhraseView.swift in Sources */ = {isa = PBXBuildFile; fileRef = 6E87AE50278CDA700089CDC3 /* LoadWordsIntoPhraseView.swift */; };
		6EBD7BA9277D0CF300460AB7 /* ClauseWorkSpace.swift in Sources */ = {isa = PBXBuildFile; fileRef = 6EBD7BA8277D0CF300460AB7 /* ClauseWorkSpace.swift */; };
		6EC671A1267D356800AEBE31 /* MultiVerbConjugation.swift in Sources */ = {isa = PBXBuildFile; fileRef = 6EC671A0267D356800AEBE31 /* MultiVerbConjugation.swift */; };
		6ED0319027A9CBE2009AFEA8 /* JumpLinguaHelpers in Frameworks */ = {isa = PBXBuildFile; productRef = 6ED0318F27A9CBE2009AFEA8 /* JumpLinguaHelpers */; };
		6ED031A327A9E4E6009AFEA8 /* CollectionView.swift in Sources */ = {isa = PBXBuildFile; fileRef = 6ED031A227A9E4E6009AFEA8 /* CollectionView.swift */; };
		6ED031A427A9E4E6009AFEA8 /* PhraseView.swift in Sources */ = {isa = PBXBuildFile; fileRef = 6ED031A127A9E4E6009AFEA8 /* PhraseView.swift */; };
		6ED031A627A9E552009AFEA8 /* BundleView.swift in Sources */ = {isa = PBXBuildFile; fileRef = 6ED031A527A9E552009AFEA8 /* BundleView.swift */; };
		6ED031AE27A9E76E009AFEA8 /* ClauseManipulation.swift in Sources */ = {isa = PBXBuildFile; fileRef = 6ED031AD27A9E76E009AFEA8 /* ClauseManipulation.swift */; };
		6EE7BD742618C01A00840EB7 /* ContextFreeApp.swift in Sources */ = {isa = PBXBuildFile; fileRef = 6EE7BD732618C01A00840EB7 /* ContextFreeApp.swift */; };
		6EE7BD762618C01A00840EB7 /* ContentView.swift in Sources */ = {isa = PBXBuildFile; fileRef = 6EE7BD752618C01A00840EB7 /* ContentView.swift */; };
		6EE7BD782618C02400840EB7 /* Assets.xcassets in Resources */ = {isa = PBXBuildFile; fileRef = 6EE7BD772618C02400840EB7 /* Assets.xcassets */; };
		6EE7BD7B2618C02400840EB7 /* Preview Assets.xcassets in Resources */ = {isa = PBXBuildFile; fileRef = 6EE7BD7A2618C02400840EB7 /* Preview Assets.xcassets */; };
		6EE7BD8E2619019900840EB7 /* WordGames.swift in Sources */ = {isa = PBXBuildFile; fileRef = 6EE7BD8D2619019900840EB7 /* WordGames.swift */; };
		6EE7BD9A2619040900840EB7 /* Unconjugate.swift in Sources */ = {isa = PBXBuildFile; fileRef = 6EE7BD992619040900840EB7 /* Unconjugate.swift */; };
		6EE7BDB5261A1E2400840EB7 /* CFModel.swift in Sources */ = {isa = PBXBuildFile; fileRef = 6EE7BDB4261A1E2400840EB7 /* CFModel.swift */; };
		6EE7BDC3261A464D00840EB7 /* CFModelView.swift in Sources */ = {isa = PBXBuildFile; fileRef = 6EE7BDC2261A464D00840EB7 /* CFModelView.swift */; };
/* End PBXBuildFile section */

/* Begin PBXFileReference section */
		6E0518BC27989DA700843352 /* NewNameAlert.swift */ = {isa = PBXFileReference; lastKnownFileType = sourcecode.swift; path = NewNameAlert.swift; sourceTree = "<group>"; };
		6E0518C02798BEE600843352 /* BuildSingletonPhraseView.swift */ = {isa = PBXFileReference; lastKnownFileType = sourcecode.swift; path = BuildSingletonPhraseView.swift; sourceTree = "<group>"; };
		6E0518C22798CB1100843352 /* BuildNounPhraseView.swift */ = {isa = PBXFileReference; lastKnownFileType = sourcecode.swift; path = BuildNounPhraseView.swift; sourceTree = "<group>"; };
		6E0518C62799DB1200843352 /* RegularWordViewModel.swift */ = {isa = PBXFileReference; lastKnownFileType = sourcecode.swift; path = RegularWordViewModel.swift; sourceTree = "<group>"; };
		6E0518C8279A00E500843352 /* BuildNamedPhraseView.swift */ = {isa = PBXFileReference; lastKnownFileType = sourcecode.swift; path = BuildNamedPhraseView.swift; sourceTree = "<group>"; };
		6E0518D0279B2F5000843352 /* PhrasesInAgnosticOrSingleLanguageView.swift */ = {isa = PBXFileReference; lastKnownFileType = sourcecode.swift; path = PhrasesInAgnosticOrSingleLanguageView.swift; sourceTree = "<group>"; };
		6E098C8C274D9D9F00578DF0 /* SentenceView.swift */ = {isa = PBXFileReference; lastKnownFileType = sourcecode.swift; path = SentenceView.swift; sourceTree = "<group>"; };
		6E098C8E274EEC0600578DF0 /* LanguageSelectorView.swift */ = {isa = PBXFileReference; lastKnownFileType = sourcecode.swift; path = LanguageSelectorView.swift; sourceTree = "<group>"; };
		6E0BF82F2789F7F300CEC576 /* Capitulo.swift */ = {isa = PBXFileReference; lastKnownFileType = sourcecode.swift; path = Capitulo.swift; sourceTree = "<group>"; };
		6E228A2E2748097700E26B86 /* WordSurgery.swift */ = {isa = PBXFileReference; lastKnownFileType = sourcecode.swift; path = WordSurgery.swift; sourceTree = "<group>"; };
		6E273EAE26B9ACDB002D219A /* HeaderView.swift */ = {isa = PBXFileReference; lastKnownFileType = sourcecode.swift; path = HeaderView.swift; sourceTree = "<group>"; };
		6E273EB026B9B40A002D219A /* LanguageChooserView.swift */ = {isa = PBXFileReference; lastKnownFileType = sourcecode.swift; path = LanguageChooserView.swift; sourceTree = "<group>"; };
		6E68AA8D26A7758200E53331 /* DetailedPhraseView.swift */ = {isa = PBXFileReference; lastKnownFileType = sourcecode.swift; path = DetailedPhraseView.swift; sourceTree = "<group>"; };
		6E6A492C2644565B0096C36F /* GamesTemplate.swift */ = {isa = PBXFileReference; lastKnownFileType = sourcecode.swift; path = GamesTemplate.swift; sourceTree = "<group>"; };
		6E6A492E264466F90096C36F /* NounGames.swift */ = {isa = PBXFileReference; lastKnownFileType = sourcecode.swift; path = NounGames.swift; sourceTree = "<group>"; };
		6E6A4930264467120096C36F /* ArticleGames.swift */ = {isa = PBXFileReference; lastKnownFileType = sourcecode.swift; path = ArticleGames.swift; sourceTree = "<group>"; };
		6E6A4932264467290096C36F /* VerbGames.swift */ = {isa = PBXFileReference; lastKnownFileType = sourcecode.swift; path = VerbGames.swift; sourceTree = "<group>"; };
		6E6A493426446FF50096C36F /* AdjectiveGames.swift */ = {isa = PBXFileReference; lastKnownFileType = sourcecode.swift; path = AdjectiveGames.swift; sourceTree = "<group>"; };
		6E6A494526457E8C0096C36F /* CategoryView.swift */ = {isa = PBXFileReference; lastKnownFileType = sourcecode.swift; path = CategoryView.swift; sourceTree = "<group>"; };
		6E6A4949264591F20096C36F /* ConciseListView.swift */ = {isa = PBXFileReference; lastKnownFileType = sourcecode.swift; path = ConciseListView.swift; sourceTree = "<group>"; };
		6E6A494B26459A3E0096C36F /* ExpandedAdjectiveView.swift */ = {isa = PBXFileReference; lastKnownFileType = sourcecode.swift; path = ExpandedAdjectiveView.swift; sourceTree = "<group>"; };
		6E6A494E2645CC7C0096C36F /* WordComponent.swift */ = {isa = PBXFileReference; lastKnownFileType = sourcecode.swift; path = WordComponent.swift; sourceTree = "<group>"; };
		6E83D960268F7D81007912FE /* PersonalPronounGames.swift */ = {isa = PBXFileReference; lastKnownFileType = sourcecode.swift; path = PersonalPronounGames.swift; sourceTree = "<group>"; };
		6E83D96D26A47BFB007912FE /* ContextFreeLesson.swift */ = {isa = PBXFileReference; lastKnownFileType = sourcecode.swift; path = ContextFreeLesson.swift; sourceTree = "<group>"; };
		6E83D96F26A5F50B007912FE /* ContextFreeLessonView.swift */ = {isa = PBXFileReference; lastKnownFileType = sourcecode.swift; path = ContextFreeLessonView.swift; sourceTree = "<group>"; };
		6E87AE4C278B9D410089CDC3 /* FilledPhraseView.swift */ = {isa = PBXFileReference; lastKnownFileType = sourcecode.swift; path = FilledPhraseView.swift; sourceTree = "<group>"; };
		6E87AE50278CDA700089CDC3 /* LoadWordsIntoPhraseView.swift */ = {isa = PBXFileReference; lastKnownFileType = sourcecode.swift; path = LoadWordsIntoPhraseView.swift; sourceTree = "<group>"; };
		6EBD7BA8277D0CF300460AB7 /* ClauseWorkSpace.swift */ = {isa = PBXFileReference; lastKnownFileType = sourcecode.swift; path = ClauseWorkSpace.swift; sourceTree = "<group>"; };
		6EC671A0267D356800AEBE31 /* MultiVerbConjugation.swift */ = {isa = PBXFileReference; lastKnownFileType = sourcecode.swift; path = MultiVerbConjugation.swift; sourceTree = "<group>"; };
		6ED031A127A9E4E6009AFEA8 /* PhraseView.swift */ = {isa = PBXFileReference; lastKnownFileType = sourcecode.swift; path = PhraseView.swift; sourceTree = "<group>"; };
		6ED031A227A9E4E6009AFEA8 /* CollectionView.swift */ = {isa = PBXFileReference; lastKnownFileType = sourcecode.swift; path = CollectionView.swift; sourceTree = "<group>"; };
		6ED031A527A9E552009AFEA8 /* BundleView.swift */ = {isa = PBXFileReference; fileEncoding = 4; lastKnownFileType = sourcecode.swift; path = BundleView.swift; sourceTree = "<group>"; };
		6ED031AD27A9E76E009AFEA8 /* ClauseManipulation.swift */ = {isa = PBXFileReference; fileEncoding = 4; lastKnownFileType = sourcecode.swift; name = ClauseManipulation.swift; path = Clause/ClauseManipulation.swift; sourceTree = "<group>"; };
		6EE7BD702618C01A00840EB7 /* ContextFree.app */ = {isa = PBXFileReference; explicitFileType = wrapper.application; includeInIndex = 0; path = ContextFree.app; sourceTree = BUILT_PRODUCTS_DIR; };
		6EE7BD732618C01A00840EB7 /* ContextFreeApp.swift */ = {isa = PBXFileReference; lastKnownFileType = sourcecode.swift; path = ContextFreeApp.swift; sourceTree = "<group>"; };
		6EE7BD752618C01A00840EB7 /* ContentView.swift */ = {isa = PBXFileReference; lastKnownFileType = sourcecode.swift; path = ContentView.swift; sourceTree = "<group>"; };
		6EE7BD772618C02400840EB7 /* Assets.xcassets */ = {isa = PBXFileReference; lastKnownFileType = folder.assetcatalog; path = Assets.xcassets; sourceTree = "<group>"; };
		6EE7BD7A2618C02400840EB7 /* Preview Assets.xcassets */ = {isa = PBXFileReference; lastKnownFileType = folder.assetcatalog; path = "Preview Assets.xcassets"; sourceTree = "<group>"; };
		6EE7BD7C2618C02400840EB7 /* Info.plist */ = {isa = PBXFileReference; lastKnownFileType = text.plist.xml; path = Info.plist; sourceTree = "<group>"; };
		6EE7BD8D2619019900840EB7 /* WordGames.swift */ = {isa = PBXFileReference; lastKnownFileType = sourcecode.swift; path = WordGames.swift; sourceTree = "<group>"; };
		6EE7BD992619040900840EB7 /* Unconjugate.swift */ = {isa = PBXFileReference; lastKnownFileType = sourcecode.swift; path = Unconjugate.swift; sourceTree = "<group>"; };
		6EE7BDB4261A1E2400840EB7 /* CFModel.swift */ = {isa = PBXFileReference; lastKnownFileType = sourcecode.swift; path = CFModel.swift; sourceTree = "<group>"; };
		6EE7BDC2261A464D00840EB7 /* CFModelView.swift */ = {isa = PBXFileReference; lastKnownFileType = sourcecode.swift; path = CFModelView.swift; sourceTree = "<group>"; };
/* End PBXFileReference section */

/* Begin PBXFrameworksBuildPhase section */
		6EE7BD6D2618C01A00840EB7 /* Frameworks */ = {
			isa = PBXFrameworksBuildPhase;
			buildActionMask = 2147483647;
			files = (
				6ED0319027A9CBE2009AFEA8 /* JumpLinguaHelpers in Frameworks */,
			);
			runOnlyForDeploymentPostprocessing = 0;
		};
/* End PBXFrameworksBuildPhase section */

/* Begin PBXGroup section */
		6E6A4936264487AA0096C36F /* Games */ = {
			isa = PBXGroup;
			children = (
				6E6A492C2644565B0096C36F /* GamesTemplate.swift */,
				6EE7BD8D2619019900840EB7 /* WordGames.swift */,
				6E6A493426446FF50096C36F /* AdjectiveGames.swift */,
				6E6A4930264467120096C36F /* ArticleGames.swift */,
				6E6A492E264466F90096C36F /* NounGames.swift */,
				6E6A4932264467290096C36F /* VerbGames.swift */,
			);
			path = Games;
			sourceTree = "<group>";
		};
		6E6A4937264487D60096C36F /* WordLists */ = {
			isa = PBXGroup;
			children = (
				6E6A494E2645CC7C0096C36F /* WordComponent.swift */,
				6EC671A0267D356800AEBE31 /* MultiVerbConjugation.swift */,
				6E83D960268F7D81007912FE /* PersonalPronounGames.swift */,
				6E6A494D26459B4F0096C36F /* Components */,
			);
			path = WordLists;
			sourceTree = "<group>";
		};
		6E6A494D26459B4F0096C36F /* Components */ = {
			isa = PBXGroup;
			children = (
				6E6A494526457E8C0096C36F /* CategoryView.swift */,
				6E6A4949264591F20096C36F /* ConciseListView.swift */,
				6E6A494B26459A3E0096C36F /* ExpandedAdjectiveView.swift */,
				6E228A2E2748097700E26B86 /* WordSurgery.swift */,
				6E098C8C274D9D9F00578DF0 /* SentenceView.swift */,
				6E098C8E274EEC0600578DF0 /* LanguageSelectorView.swift */,
			);
			path = Components;
			sourceTree = "<group>";
		};
		6E83D96C26A47BD6007912FE /* CFLesson */ = {
			isa = PBXGroup;
			children = (
				6E83D96D26A47BFB007912FE /* ContextFreeLesson.swift */,
				6E83D96F26A5F50B007912FE /* ContextFreeLessonView.swift */,
				6E68AA8D26A7758200E53331 /* DetailedPhraseView.swift */,
			);
			path = CFLesson;
			sourceTree = "<group>";
		};
		6E87AE52278DFBFE0089CDC3 /* NamedPhrase */ = {
			isa = PBXGroup;
			children = (
				6E87AE50278CDA700089CDC3 /* LoadWordsIntoPhraseView.swift */,
				6E87AE4C278B9D410089CDC3 /* FilledPhraseView.swift */,
				6E0518BC27989DA700843352 /* NewNameAlert.swift */,
				6E0518C02798BEE600843352 /* BuildSingletonPhraseView.swift */,
				6E0518C22798CB1100843352 /* BuildNounPhraseView.swift */,
				6E0518C62799DB1200843352 /* RegularWordViewModel.swift */,
				6E0518C8279A00E500843352 /* BuildNamedPhraseView.swift */,
			);
			path = NamedPhrase;
			sourceTree = "<group>";
		};
		6ED031A027A9E4E6009AFEA8 /* Word Collections and Bundles Views */ = {
			isa = PBXGroup;
			children = (
				6ED031A227A9E4E6009AFEA8 /* CollectionView.swift */,
				6ED031A527A9E552009AFEA8 /* BundleView.swift */,
				6ED031A127A9E4E6009AFEA8 /* PhraseView.swift */,
			);
			path = "Word Collections and Bundles Views";
			sourceTree = "<group>";
		};
		6EE7BD672618C01A00840EB7 = {
			isa = PBXGroup;
			children = (
				6EE7BD732618C01A00840EB7 /* ContextFreeApp.swift */,
				6EE7BD722618C01A00840EB7 /* ContextFree */,
				6EE7BD712618C01A00840EB7 /* Products */,
			);
			sourceTree = "<group>";
		};
		6EE7BD712618C01A00840EB7 /* Products */ = {
			isa = PBXGroup;
			children = (
				6EE7BD702618C01A00840EB7 /* ContextFree.app */,
			);
			name = Products;
			sourceTree = "<group>";
		};
		6EE7BD722618C01A00840EB7 /* ContextFree */ = {
			isa = PBXGroup;
			children = (
				6EE7BD772618C02400840EB7 /* Assets.xcassets */,
				6E0BF82F2789F7F300CEC576 /* Capitulo.swift */,
				6ED031AD27A9E76E009AFEA8 /* ClauseManipulation.swift */,
				6E83D96C26A47BD6007912FE /* CFLesson */,
				6EE7BD7C2618C02400840EB7 /* Info.plist */,
				6EE7BDB8261A1EFB00840EB7 /* MVVM */,
				6E87AE52278DFBFE0089CDC3 /* NamedPhrase */,
				6EE7BD792618C02400840EB7 /* Preview Content */,
				6EE7BD992619040900840EB7 /* Unconjugate.swift */,
				6EE7BD932619020D00840EB7 /* Views */,
				6ED031A027A9E4E6009AFEA8 /* Word Collections and Bundles Views */,
			);
			path = ContextFree;
			sourceTree = "<group>";
		};
		6EE7BD792618C02400840EB7 /* Preview Content */ = {
			isa = PBXGroup;
			children = (
				6EE7BD7A2618C02400840EB7 /* Preview Assets.xcassets */,
			);
			path = "Preview Content";
			sourceTree = "<group>";
		};
		6EE7BD932619020D00840EB7 /* Views */ = {
			isa = PBXGroup;
			children = (
				6E273EAE26B9ACDB002D219A /* HeaderView.swift */,
				6E6A4937264487D60096C36F /* WordLists */,
				6E6A4936264487AA0096C36F /* Games */,
				6E273EB026B9B40A002D219A /* LanguageChooserView.swift */,
				6EBD7BA8277D0CF300460AB7 /* ClauseWorkSpace.swift */,
				6E0518D0279B2F5000843352 /* PhrasesInAgnosticOrSingleLanguageView.swift */,
			);
			path = Views;
			sourceTree = "<group>";
		};
		6EE7BDB8261A1EFB00840EB7 /* MVVM */ = {
			isa = PBXGroup;
			children = (
				6EE7BD752618C01A00840EB7 /* ContentView.swift */,
				6EE7BDB4261A1E2400840EB7 /* CFModel.swift */,
				6EE7BDC2261A464D00840EB7 /* CFModelView.swift */,
			);
			path = MVVM;
			sourceTree = "<group>";
		};
/* End PBXGroup section */

/* Begin PBXNativeTarget section */
		6EE7BD6F2618C01A00840EB7 /* ContextFree */ = {
			isa = PBXNativeTarget;
			buildConfigurationList = 6EE7BD7F2618C02400840EB7 /* Build configuration list for PBXNativeTarget "ContextFree" */;
			buildPhases = (
				6EE7BD6C2618C01A00840EB7 /* Sources */,
				6EE7BD6D2618C01A00840EB7 /* Frameworks */,
				6EE7BD6E2618C01A00840EB7 /* Resources */,
			);
			buildRules = (
			);
			dependencies = (
			);
			name = ContextFree;
			packageProductDependencies = (
				6ED0318F27A9CBE2009AFEA8 /* JumpLinguaHelpers */,
			);
			productName = ContextFree;
			productReference = 6EE7BD702618C01A00840EB7 /* ContextFree.app */;
			productType = "com.apple.product-type.application";
		};
/* End PBXNativeTarget section */

/* Begin PBXProject section */
		6EE7BD682618C01A00840EB7 /* Project object */ = {
			isa = PBXProject;
			attributes = {
				LastSwiftUpdateCheck = 1240;
				LastUpgradeCheck = 1240;
				TargetAttributes = {
					6EE7BD6F2618C01A00840EB7 = {
						CreatedOnToolsVersion = 12.4;
					};
				};
			};
			buildConfigurationList = 6EE7BD6B2618C01A00840EB7 /* Build configuration list for PBXProject "ContextFree" */;
			compatibilityVersion = "Xcode 9.3";
			developmentRegion = en;
			hasScannedForEncodings = 0;
			knownRegions = (
				en,
				Base,
			);
			mainGroup = 6EE7BD672618C01A00840EB7;
			packageReferences = (
				6ED0318E27A9CBE2009AFEA8 /* XCRemoteSwiftPackageReference "JumpLinguaHelpers" */,
			);
			productRefGroup = 6EE7BD712618C01A00840EB7 /* Products */;
			projectDirPath = "";
			projectRoot = "";
			targets = (
				6EE7BD6F2618C01A00840EB7 /* ContextFree */,
			);
		};
/* End PBXProject section */

/* Begin PBXResourcesBuildPhase section */
		6EE7BD6E2618C01A00840EB7 /* Resources */ = {
			isa = PBXResourcesBuildPhase;
			buildActionMask = 2147483647;
			files = (
				6EE7BD7B2618C02400840EB7 /* Preview Assets.xcassets in Resources */,
				6EE7BD782618C02400840EB7 /* Assets.xcassets in Resources */,
			);
			runOnlyForDeploymentPostprocessing = 0;
		};
/* End PBXResourcesBuildPhase section */

/* Begin PBXSourcesBuildPhase section */
		6EE7BD6C2618C01A00840EB7 /* Sources */ = {
			isa = PBXSourcesBuildPhase;
			buildActionMask = 2147483647;
			files = (
				6E87AE51278CDA700089CDC3 /* LoadWordsIntoPhraseView.swift in Sources */,
				6EE7BD8E2619019900840EB7 /* WordGames.swift in Sources */,
				6EE7BD762618C01A00840EB7 /* ContentView.swift in Sources */,
				6E6A493526446FF50096C36F /* AdjectiveGames.swift in Sources */,
				6E6A494626457E8D0096C36F /* CategoryView.swift in Sources */,
				6EE7BDC3261A464D00840EB7 /* CFModelView.swift in Sources */,
				6E83D961268F7D81007912FE /* PersonalPronounGames.swift in Sources */,
				6E273EAF26B9ACDB002D219A /* HeaderView.swift in Sources */,
				6E098C8F274EEC0600578DF0 /* LanguageSelectorView.swift in Sources */,
				6E098C8D274D9D9F00578DF0 /* SentenceView.swift in Sources */,
				6EE7BD742618C01A00840EB7 /* ContextFreeApp.swift in Sources */,
				6EE7BDB5261A1E2400840EB7 /* CFModel.swift in Sources */,
				6ED031A327A9E4E6009AFEA8 /* CollectionView.swift in Sources */,
				6EC671A1267D356800AEBE31 /* MultiVerbConjugation.swift in Sources */,
				6E83D96E26A47BFC007912FE /* ContextFreeLesson.swift in Sources */,
				6E0518C32798CB1100843352 /* BuildNounPhraseView.swift in Sources */,
				6E0BF8302789F7F300CEC576 /* Capitulo.swift in Sources */,
				6E87AE4D278B9D410089CDC3 /* FilledPhraseView.swift in Sources */,
				6E83D97026A5F50B007912FE /* ContextFreeLessonView.swift in Sources */,
				6E6A494A264591F20096C36F /* ConciseListView.swift in Sources */,
				6E273EB126B9B40A002D219A /* LanguageChooserView.swift in Sources */,
				6ED031A627A9E552009AFEA8 /* BundleView.swift in Sources */,
				6E0518C72799DB1200843352 /* RegularWordViewModel.swift in Sources */,
				6E228A2F2748097700E26B86 /* WordSurgery.swift in Sources */,
				6E6A4933264467290096C36F /* VerbGames.swift in Sources */,
				6E6A4931264467120096C36F /* ArticleGames.swift in Sources */,
				6ED031A427A9E4E6009AFEA8 /* PhraseView.swift in Sources */,
				6E68AA8E26A7758200E53331 /* DetailedPhraseView.swift in Sources */,
				6E6A492D2644565B0096C36F /* GamesTemplate.swift in Sources */,
				6E0518C9279A00E500843352 /* BuildNamedPhraseView.swift in Sources */,
				6EBD7BA9277D0CF300460AB7 /* ClauseWorkSpace.swift in Sources */,
				6EE7BD9A2619040900840EB7 /* Unconjugate.swift in Sources */,
				6ED031AE27A9E76E009AFEA8 /* ClauseManipulation.swift in Sources */,
				6E6A494C26459A3E0096C36F /* ExpandedAdjectiveView.swift in Sources */,
				6E0518C12798BEE600843352 /* BuildSingletonPhraseView.swift in Sources */,
				6E0518BD27989DA700843352 /* NewNameAlert.swift in Sources */,
				6E6A492F264466F90096C36F /* NounGames.swift in Sources */,
				6E0518D1279B2F5000843352 /* PhrasesInAgnosticOrSingleLanguageView.swift in Sources */,
				6E6A494F2645CC7C0096C36F /* WordComponent.swift in Sources */,
			);
			runOnlyForDeploymentPostprocessing = 0;
		};
/* End PBXSourcesBuildPhase section */

/* Begin XCBuildConfiguration section */
		6EE7BD7D2618C02400840EB7 /* Debug */ = {
			isa = XCBuildConfiguration;
			buildSettings = {
				ALWAYS_SEARCH_USER_PATHS = NO;
				CLANG_ANALYZER_NONNULL = YES;
				CLANG_ANALYZER_NUMBER_OBJECT_CONVERSION = YES_AGGRESSIVE;
				CLANG_CXX_LANGUAGE_STANDARD = "gnu++14";
				CLANG_CXX_LIBRARY = "libc++";
				CLANG_ENABLE_MODULES = YES;
				CLANG_ENABLE_OBJC_ARC = YES;
				CLANG_ENABLE_OBJC_WEAK = YES;
				CLANG_WARN_BLOCK_CAPTURE_AUTORELEASING = YES;
				CLANG_WARN_BOOL_CONVERSION = YES;
				CLANG_WARN_COMMA = YES;
				CLANG_WARN_CONSTANT_CONVERSION = YES;
				CLANG_WARN_DEPRECATED_OBJC_IMPLEMENTATIONS = YES;
				CLANG_WARN_DIRECT_OBJC_ISA_USAGE = YES_ERROR;
				CLANG_WARN_DOCUMENTATION_COMMENTS = YES;
				CLANG_WARN_EMPTY_BODY = YES;
				CLANG_WARN_ENUM_CONVERSION = YES;
				CLANG_WARN_INFINITE_RECURSION = YES;
				CLANG_WARN_INT_CONVERSION = YES;
				CLANG_WARN_NON_LITERAL_NULL_CONVERSION = YES;
				CLANG_WARN_OBJC_IMPLICIT_RETAIN_SELF = YES;
				CLANG_WARN_OBJC_LITERAL_CONVERSION = YES;
				CLANG_WARN_OBJC_ROOT_CLASS = YES_ERROR;
				CLANG_WARN_QUOTED_INCLUDE_IN_FRAMEWORK_HEADER = YES;
				CLANG_WARN_RANGE_LOOP_ANALYSIS = YES;
				CLANG_WARN_STRICT_PROTOTYPES = YES;
				CLANG_WARN_SUSPICIOUS_MOVE = YES;
				CLANG_WARN_UNGUARDED_AVAILABILITY = YES_AGGRESSIVE;
				CLANG_WARN_UNREACHABLE_CODE = YES;
				CLANG_WARN__DUPLICATE_METHOD_MATCH = YES;
				COPY_PHASE_STRIP = NO;
				DEBUG_INFORMATION_FORMAT = dwarf;
				ENABLE_STRICT_OBJC_MSGSEND = YES;
				ENABLE_TESTABILITY = YES;
				GCC_C_LANGUAGE_STANDARD = gnu11;
				GCC_DYNAMIC_NO_PIC = NO;
				GCC_NO_COMMON_BLOCKS = YES;
				GCC_OPTIMIZATION_LEVEL = 0;
				GCC_PREPROCESSOR_DEFINITIONS = (
					"DEBUG=1",
					"$(inherited)",
				);
				GCC_WARN_64_TO_32_BIT_CONVERSION = YES;
				GCC_WARN_ABOUT_RETURN_TYPE = YES_ERROR;
				GCC_WARN_UNDECLARED_SELECTOR = YES;
				GCC_WARN_UNINITIALIZED_AUTOS = YES_AGGRESSIVE;
				GCC_WARN_UNUSED_FUNCTION = YES;
				GCC_WARN_UNUSED_VARIABLE = YES;
				IPHONEOS_DEPLOYMENT_TARGET = 14.4;
				MTL_ENABLE_DEBUG_INFO = INCLUDE_SOURCE;
				MTL_FAST_MATH = YES;
				ONLY_ACTIVE_ARCH = YES;
				SDKROOT = iphoneos;
				SWIFT_ACTIVE_COMPILATION_CONDITIONS = DEBUG;
				SWIFT_OPTIMIZATION_LEVEL = "-Onone";
			};
			name = Debug;
		};
		6EE7BD7E2618C02400840EB7 /* Release */ = {
			isa = XCBuildConfiguration;
			buildSettings = {
				ALWAYS_SEARCH_USER_PATHS = NO;
				CLANG_ANALYZER_NONNULL = YES;
				CLANG_ANALYZER_NUMBER_OBJECT_CONVERSION = YES_AGGRESSIVE;
				CLANG_CXX_LANGUAGE_STANDARD = "gnu++14";
				CLANG_CXX_LIBRARY = "libc++";
				CLANG_ENABLE_MODULES = YES;
				CLANG_ENABLE_OBJC_ARC = YES;
				CLANG_ENABLE_OBJC_WEAK = YES;
				CLANG_WARN_BLOCK_CAPTURE_AUTORELEASING = YES;
				CLANG_WARN_BOOL_CONVERSION = YES;
				CLANG_WARN_COMMA = YES;
				CLANG_WARN_CONSTANT_CONVERSION = YES;
				CLANG_WARN_DEPRECATED_OBJC_IMPLEMENTATIONS = YES;
				CLANG_WARN_DIRECT_OBJC_ISA_USAGE = YES_ERROR;
				CLANG_WARN_DOCUMENTATION_COMMENTS = YES;
				CLANG_WARN_EMPTY_BODY = YES;
				CLANG_WARN_ENUM_CONVERSION = YES;
				CLANG_WARN_INFINITE_RECURSION = YES;
				CLANG_WARN_INT_CONVERSION = YES;
				CLANG_WARN_NON_LITERAL_NULL_CONVERSION = YES;
				CLANG_WARN_OBJC_IMPLICIT_RETAIN_SELF = YES;
				CLANG_WARN_OBJC_LITERAL_CONVERSION = YES;
				CLANG_WARN_OBJC_ROOT_CLASS = YES_ERROR;
				CLANG_WARN_QUOTED_INCLUDE_IN_FRAMEWORK_HEADER = YES;
				CLANG_WARN_RANGE_LOOP_ANALYSIS = YES;
				CLANG_WARN_STRICT_PROTOTYPES = YES;
				CLANG_WARN_SUSPICIOUS_MOVE = YES;
				CLANG_WARN_UNGUARDED_AVAILABILITY = YES_AGGRESSIVE;
				CLANG_WARN_UNREACHABLE_CODE = YES;
				CLANG_WARN__DUPLICATE_METHOD_MATCH = YES;
				COPY_PHASE_STRIP = NO;
				DEBUG_INFORMATION_FORMAT = "dwarf-with-dsym";
				ENABLE_NS_ASSERTIONS = NO;
				ENABLE_STRICT_OBJC_MSGSEND = YES;
				GCC_C_LANGUAGE_STANDARD = gnu11;
				GCC_NO_COMMON_BLOCKS = YES;
				GCC_WARN_64_TO_32_BIT_CONVERSION = YES;
				GCC_WARN_ABOUT_RETURN_TYPE = YES_ERROR;
				GCC_WARN_UNDECLARED_SELECTOR = YES;
				GCC_WARN_UNINITIALIZED_AUTOS = YES_AGGRESSIVE;
				GCC_WARN_UNUSED_FUNCTION = YES;
				GCC_WARN_UNUSED_VARIABLE = YES;
				IPHONEOS_DEPLOYMENT_TARGET = 14.4;
				MTL_ENABLE_DEBUG_INFO = NO;
				MTL_FAST_MATH = YES;
				SDKROOT = iphoneos;
				SWIFT_COMPILATION_MODE = wholemodule;
				SWIFT_OPTIMIZATION_LEVEL = "-O";
				VALIDATE_PRODUCT = YES;
			};
			name = Release;
		};
		6EE7BD802618C02400840EB7 /* Debug */ = {
			isa = XCBuildConfiguration;
			buildSettings = {
				ASSETCATALOG_COMPILER_APPICON_NAME = AppIcon;
				ASSETCATALOG_COMPILER_GLOBAL_ACCENT_COLOR_NAME = AccentColor;
				CODE_SIGN_STYLE = Automatic;
				DEVELOPMENT_ASSET_PATHS = "\"ContextFree/Preview Content\"";
				DEVELOPMENT_TEAM = 4NB5TKGZKF;
				ENABLE_PREVIEWS = YES;
				INFOPLIST_FILE = ContextFree/Info.plist;
				IPHONEOS_DEPLOYMENT_TARGET = 14.0;
				LD_RUNPATH_SEARCH_PATHS = (
					"$(inherited)",
					"@executable_path/Frameworks",
				);
				PRODUCT_BUNDLE_IDENTIFIER = com.ChuckDiggins.ContextFree;
				PRODUCT_NAME = "$(TARGET_NAME)";
				SWIFT_VERSION = 5.0;
				TARGETED_DEVICE_FAMILY = "1,2";
			};
			name = Debug;
		};
		6EE7BD812618C02400840EB7 /* Release */ = {
			isa = XCBuildConfiguration;
			buildSettings = {
				ASSETCATALOG_COMPILER_APPICON_NAME = AppIcon;
				ASSETCATALOG_COMPILER_GLOBAL_ACCENT_COLOR_NAME = AccentColor;
				CODE_SIGN_STYLE = Automatic;
				DEVELOPMENT_ASSET_PATHS = "\"ContextFree/Preview Content\"";
				DEVELOPMENT_TEAM = 4NB5TKGZKF;
				ENABLE_PREVIEWS = YES;
				INFOPLIST_FILE = ContextFree/Info.plist;
				IPHONEOS_DEPLOYMENT_TARGET = 14.0;
				LD_RUNPATH_SEARCH_PATHS = (
					"$(inherited)",
					"@executable_path/Frameworks",
				);
				PRODUCT_BUNDLE_IDENTIFIER = com.ChuckDiggins.ContextFree;
				PRODUCT_NAME = "$(TARGET_NAME)";
				SWIFT_VERSION = 5.0;
				TARGETED_DEVICE_FAMILY = "1,2";
			};
			name = Release;
		};
/* End XCBuildConfiguration section */

/* Begin XCConfigurationList section */
		6EE7BD6B2618C01A00840EB7 /* Build configuration list for PBXProject "ContextFree" */ = {
			isa = XCConfigurationList;
			buildConfigurations = (
				6EE7BD7D2618C02400840EB7 /* Debug */,
				6EE7BD7E2618C02400840EB7 /* Release */,
			);
			defaultConfigurationIsVisible = 0;
			defaultConfigurationName = Release;
		};
		6EE7BD7F2618C02400840EB7 /* Build configuration list for PBXNativeTarget "ContextFree" */ = {
			isa = XCConfigurationList;
			buildConfigurations = (
				6EE7BD802618C02400840EB7 /* Debug */,
				6EE7BD812618C02400840EB7 /* Release */,
			);
			defaultConfigurationIsVisible = 0;
			defaultConfigurationName = Release;
		};
/* End XCConfigurationList section */

/* Begin XCRemoteSwiftPackageReference section */
		6ED0318E27A9CBE2009AFEA8 /* XCRemoteSwiftPackageReference "JumpLinguaHelpers" */ = {
			isa = XCRemoteSwiftPackageReference;
			repositoryURL = "https://github.com/ChuckDiggins/JumpLinguaHelpers.git";
			requirement = {
				kind = upToNextMajorVersion;
				minimumVersion = 0.0.3;
			};
		};
/* End XCRemoteSwiftPackageReference section */

/* Begin XCSwiftPackageProductDependency section */
		6ED0318F27A9CBE2009AFEA8 /* JumpLinguaHelpers */ = {
			isa = XCSwiftPackageProductDependency;
			package = 6ED0318E27A9CBE2009AFEA8 /* XCRemoteSwiftPackageReference "JumpLinguaHelpers" */;
			productName = JumpLinguaHelpers;
		};
/* End XCSwiftPackageProductDependency section */
	};
	rootObject = 6EE7BD682618C01A00840EB7 /* Project object */;
}
