// !$*UTF8*$!
{
	archiveVersion = 1;
	classes = {
	};
	objectVersion = 50;
	objects = {

/* Begin PBXBuildFile section */
		6E03E80027909A0A0015DAED /* JSONWordCollection.swift in Sources */ = {isa = PBXBuildFile; fileRef = 6E03E7FE27909A0A0015DAED /* JSONWordCollection.swift */; };
		6E03E80127909A0A0015DAED /* JSONWordCollectionManager.swift in Sources */ = {isa = PBXBuildFile; fileRef = 6E03E7FF27909A0A0015DAED /* JSONWordCollectionManager.swift */; };
		6E0463F726262814009A0937 /* Cluster.swift in Sources */ = {isa = PBXBuildFile; fileRef = 6E0463F626262813009A0937 /* Cluster.swift */; };
		6E0463FB26262E54009A0937 /* DtsInfo.swift in Sources */ = {isa = PBXBuildFile; fileRef = 6E0463FA26262E54009A0937 /* DtsInfo.swift */; };
		6E0463FE26263D34009A0937 /* SentenceWordList.swift in Sources */ = {isa = PBXBuildFile; fileRef = 6E0463FD26263D34009A0937 /* SentenceWordList.swift */; };
		6E046401262641F3009A0937 /* Clause.swift in Sources */ = {isa = PBXBuildFile; fileRef = 6E046400262641F3009A0937 /* Clause.swift */; };
		6E04640426264394009A0937 /* Single.swift in Sources */ = {isa = PBXBuildFile; fileRef = 6E04640326264394009A0937 /* Single.swift */; };
		6E0464072626448D009A0937 /* Correction.swift in Sources */ = {isa = PBXBuildFile; fileRef = 6E0464062626448D009A0937 /* Correction.swift */; };
		6E04640A262769E9009A0937 /* NounCluster.swift in Sources */ = {isa = PBXBuildFile; fileRef = 6E046409262769E9009A0937 /* NounCluster.swift */; };
		6E04640D2627855F009A0937 /* Phrase.swift in Sources */ = {isa = PBXBuildFile; fileRef = 6E04640C2627855F009A0937 /* Phrase.swift */; };
		6E0464102628BA56009A0937 /* VerbCluster.swift in Sources */ = {isa = PBXBuildFile; fileRef = 6E04640F2628BA56009A0937 /* VerbCluster.swift */; };
		6E0464142629E523009A0937 /* WordRuleManager.swift in Sources */ = {isa = PBXBuildFile; fileRef = 6E0464132629E523009A0937 /* WordRuleManager.swift */; };
		6E046419262C6F2C009A0937 /* Conjunction.swift in Sources */ = {isa = PBXBuildFile; fileRef = 6E046418262C6F2C009A0937 /* Conjunction.swift */; };
		6E04641D262C8705009A0937 /* dIndependentClause.swift in Sources */ = {isa = PBXBuildFile; fileRef = 6E04641C262C8705009A0937 /* dIndependentClause.swift */; };
		6E046423262E2870009A0937 /* BVerb.swift in Sources */ = {isa = PBXBuildFile; fileRef = 6E046422262E286F009A0937 /* BVerb.swift */; };
		6E046426262E28BC009A0937 /* BRomanceVerb.swift in Sources */ = {isa = PBXBuildFile; fileRef = 6E046425262E28BC009A0937 /* BRomanceVerb.swift */; };
		6E04642E262E2CEC009A0937 /* CreateVerbModel.swift in Sources */ = {isa = PBXBuildFile; fileRef = 6E04642D262E2CEC009A0937 /* CreateVerbModel.swift */; };
		6E046431262E2D32009A0937 /* VerbModel.swift in Sources */ = {isa = PBXBuildFile; fileRef = 6E046430262E2D32009A0937 /* VerbModel.swift */; };
		6E046442262F2F1D009A0937 /* SpanishVerbList.swift in Sources */ = {isa = PBXBuildFile; fileRef = 6E04643A262F2F1C009A0937 /* SpanishVerbList.swift */; };
		6E046443262F2F1D009A0937 /* BSpanishVerb.swift in Sources */ = {isa = PBXBuildFile; fileRef = 6E04643B262F2F1C009A0937 /* BSpanishVerb.swift */; };
		6E046444262F2F1D009A0937 /* StemChangingConjugation.swift in Sources */ = {isa = PBXBuildFile; fileRef = 6E04643C262F2F1C009A0937 /* StemChangingConjugation.swift */; };
		6E046446262F2F1D009A0937 /* PassiveVerbConjugationSpanish.swift in Sources */ = {isa = PBXBuildFile; fileRef = 6E04643E262F2F1C009A0937 /* PassiveVerbConjugationSpanish.swift */; };
		6E046448262F2F1D009A0937 /* ActiveVerbConjugationSpanish.swift in Sources */ = {isa = PBXBuildFile; fileRef = 6E046440262F2F1C009A0937 /* ActiveVerbConjugationSpanish.swift */; };
		6E04644C262F80D7009A0937 /* TenseManager.swift in Sources */ = {isa = PBXBuildFile; fileRef = 6E04644B262F80D7009A0937 /* TenseManager.swift */; };
		6E04644F2631D16E009A0937 /* FrenchWords.swift in Sources */ = {isa = PBXBuildFile; fileRef = 6E04644E2631D16E009A0937 /* FrenchWords.swift */; };
		6E04645226322382009A0937 /* AmbiguousPronoun.swift in Sources */ = {isa = PBXBuildFile; fileRef = 6E04645126322381009A0937 /* AmbiguousPronoun.swift */; };
		6E0464562637279A009A0937 /* BFrenchVerb.swift in Sources */ = {isa = PBXBuildFile; fileRef = 6E04645526372799009A0937 /* BFrenchVerb.swift */; };
		6E0518B52797798100843352 /* JSONNamedPhrases.swift in Sources */ = {isa = PBXBuildFile; fileRef = 6E0518B42797798100843352 /* JSONNamedPhrases.swift */; };
		6E0518B727987B7F00843352 /* JSONNamedSingleton.swift in Sources */ = {isa = PBXBuildFile; fileRef = 6E0518B627987B7F00843352 /* JSONNamedSingleton.swift */; };
		6E0518B92798802D00843352 /* NamedSingleton.swift in Sources */ = {isa = PBXBuildFile; fileRef = 6E0518B82798802D00843352 /* NamedSingleton.swift */; };
		6E0518BD27989DA700843352 /* NewNameAlert.swift in Sources */ = {isa = PBXBuildFile; fileRef = 6E0518BC27989DA700843352 /* NewNameAlert.swift */; };
		6E0518C12798BEE600843352 /* BuildSingletonPhraseView.swift in Sources */ = {isa = PBXBuildFile; fileRef = 6E0518C02798BEE600843352 /* BuildSingletonPhraseView.swift */; };
		6E0518C32798CB1100843352 /* BuildNounPhraseView.swift in Sources */ = {isa = PBXBuildFile; fileRef = 6E0518C22798CB1100843352 /* BuildNounPhraseView.swift */; };
		6E0518C52798D8CF00843352 /* NewNamedPhrase.swift in Sources */ = {isa = PBXBuildFile; fileRef = 6E0518C42798D8CF00843352 /* NewNamedPhrase.swift */; };
		6E098C8D274D9D9F00578DF0 /* SentenceView.swift in Sources */ = {isa = PBXBuildFile; fileRef = 6E098C8C274D9D9F00578DF0 /* SentenceView.swift */; };
		6E098C8F274EEC0600578DF0 /* LanguageSelectorView.swift in Sources */ = {isa = PBXBuildFile; fileRef = 6E098C8E274EEC0600578DF0 /* LanguageSelectorView.swift */; };
		6E0BF81E2783C0FA00CEC576 /* EnumExceptions.swift in Sources */ = {isa = PBXBuildFile; fileRef = 6E0BF81D2783C0FA00CEC576 /* EnumExceptions.swift */; };
		6E0BF8302789F7F300CEC576 /* Capitulo.swift in Sources */ = {isa = PBXBuildFile; fileRef = 6E0BF82F2789F7F300CEC576 /* Capitulo.swift */; };
		6E0BF83B278B6A7800CEC576 /* JsonEnums.swift in Sources */ = {isa = PBXBuildFile; fileRef = 6E0BF83A278B6A7800CEC576 /* JsonEnums.swift */; };
		6E0C03C927810B0100260899 /* PhraseIndexMapping.swift in Sources */ = {isa = PBXBuildFile; fileRef = 6E0C03C827810B0100260899 /* PhraseIndexMapping.swift */; };
		6E11BA14279475860067B9A8 /* NamedPhrase.swift in Sources */ = {isa = PBXBuildFile; fileRef = 6E11BA13279475860067B9A8 /* NamedPhrase.swift */; };
		6E1A08C926700D1A00917E81 /* JSONVerbs.swift in Sources */ = {isa = PBXBuildFile; fileRef = 6E1A08C826700D1A00917E81 /* JSONVerbs.swift */; };
		6E228A2F2748097700E26B86 /* WordSurgery.swift in Sources */ = {isa = PBXBuildFile; fileRef = 6E228A2E2748097700E26B86 /* WordSurgery.swift */; };
		6E228A31274C61D700E26B86 /* NewPhrasesIn3LanguagesView.swift in Sources */ = {isa = PBXBuildFile; fileRef = 6E228A30274C61D700E26B86 /* NewPhrasesIn3LanguagesView.swift */; };
		6E273EAF26B9ACDB002D219A /* HeaderView.swift in Sources */ = {isa = PBXBuildFile; fileRef = 6E273EAE26B9ACDB002D219A /* HeaderView.swift */; };
		6E273EB126B9B40A002D219A /* LanguageChooserView.swift in Sources */ = {isa = PBXBuildFile; fileRef = 6E273EB026B9B40A002D219A /* LanguageChooserView.swift */; };
		6E30924C275D7E53009BEDB4 /* GitHubTest.swift in Sources */ = {isa = PBXBuildFile; fileRef = 6E30924B275D7E53009BEDB4 /* GitHubTest.swift */; };
		6E32457526F0EEFE00863A46 /* JSONDictionaryManager.swift in Sources */ = {isa = PBXBuildFile; fileRef = 6E32457426F0EEFE00863A46 /* JSONDictionaryManager.swift */; };
		6E415E56279349F00059A21B /* WordViewModel.swift in Sources */ = {isa = PBXBuildFile; fileRef = 6E415E55279349F00059A21B /* WordViewModel.swift */; };
		6E68AA8E26A7758200E53331 /* DetailedPhraseView.swift in Sources */ = {isa = PBXBuildFile; fileRef = 6E68AA8D26A7758200E53331 /* DetailedPhraseView.swift */; };
		6E68AA9026A880AF00E53331 /* JSONLesson.swift in Sources */ = {isa = PBXBuildFile; fileRef = 6E68AA8F26A880AF00E53331 /* JSONLesson.swift */; };
		6E68AA9226A8871100E53331 /* JsonPhrase.swift in Sources */ = {isa = PBXBuildFile; fileRef = 6E68AA9126A8871100E53331 /* JsonPhrase.swift */; };
		6E68AA9426AB30CC00E53331 /* JsonClause.swift in Sources */ = {isa = PBXBuildFile; fileRef = 6E68AA9326AB30CC00E53331 /* JsonClause.swift */; };
		6E6A49252639B3000096C36F /* ClusterResolution.swift in Sources */ = {isa = PBXBuildFile; fileRef = 6E6A49242639B3000096C36F /* ClusterResolution.swift */; };
		6E6A4927263A1F820096C36F /* WordStringResolution.swift in Sources */ = {isa = PBXBuildFile; fileRef = 6E6A4926263A1F820096C36F /* WordStringResolution.swift */; };
		6E6A4929263C69A40096C36F /* RandomWords.swift in Sources */ = {isa = PBXBuildFile; fileRef = 6E6A4928263C69A40096C36F /* RandomWords.swift */; };
		6E6A492B263F08B20096C36F /* CFSentenceGeneratorRule.swift in Sources */ = {isa = PBXBuildFile; fileRef = 6E6A492A263F08B20096C36F /* CFSentenceGeneratorRule.swift */; };
		6E6A492D2644565B0096C36F /* GamesTemplate.swift in Sources */ = {isa = PBXBuildFile; fileRef = 6E6A492C2644565B0096C36F /* GamesTemplate.swift */; };
		6E6A492F264466F90096C36F /* NounGames.swift in Sources */ = {isa = PBXBuildFile; fileRef = 6E6A492E264466F90096C36F /* NounGames.swift */; };
		6E6A4931264467120096C36F /* ArticleGames.swift in Sources */ = {isa = PBXBuildFile; fileRef = 6E6A4930264467120096C36F /* ArticleGames.swift */; };
		6E6A4933264467290096C36F /* VerbGames.swift in Sources */ = {isa = PBXBuildFile; fileRef = 6E6A4932264467290096C36F /* VerbGames.swift */; };
		6E6A493526446FF50096C36F /* AdjectiveGames.swift in Sources */ = {isa = PBXBuildFile; fileRef = 6E6A493426446FF50096C36F /* AdjectiveGames.swift */; };
		6E6A494626457E8D0096C36F /* CategoryView.swift in Sources */ = {isa = PBXBuildFile; fileRef = 6E6A494526457E8C0096C36F /* CategoryView.swift */; };
		6E6A494A264591F20096C36F /* ConciseListView.swift in Sources */ = {isa = PBXBuildFile; fileRef = 6E6A4949264591F20096C36F /* ConciseListView.swift */; };
		6E6A494C26459A3E0096C36F /* ExpandedAdjectiveView.swift in Sources */ = {isa = PBXBuildFile; fileRef = 6E6A494B26459A3E0096C36F /* ExpandedAdjectiveView.swift */; };
		6E6A494F2645CC7C0096C36F /* WordComponent.swift in Sources */ = {isa = PBXBuildFile; fileRef = 6E6A494E2645CC7C0096C36F /* WordComponent.swift */; };
		6E7A3E9F2674F9770070364C /* Disambiguation.swift in Sources */ = {isa = PBXBuildFile; fileRef = 6E7A3E9E2674F9770070364C /* Disambiguation.swift */; };
		6E7A3EA126752F6B0070364C /* GeneralWords.swift in Sources */ = {isa = PBXBuildFile; fileRef = 6E7A3EA026752F6B0070364C /* GeneralWords.swift */; };
		6E7A3EA32678094E0070364C /* JSONNouns.swift in Sources */ = {isa = PBXBuildFile; fileRef = 6E7A3EA22678094E0070364C /* JSONNouns.swift */; };
		6E7A3EA5267A582D0070364C /* ContextFreeMapping.swift in Sources */ = {isa = PBXBuildFile; fileRef = 6E7A3EA4267A582C0070364C /* ContextFreeMapping.swift */; };
		6E7A3EA7267A64620070364C /* EnglishCreateVerbModel.swift in Sources */ = {isa = PBXBuildFile; fileRef = 6E7A3EA6267A64620070364C /* EnglishCreateVerbModel.swift */; };
		6E8091A42686470F009E1CB5 /* dIndependentAgnosticClause.swift in Sources */ = {isa = PBXBuildFile; fileRef = 6E8091A32686470F009E1CB5 /* dIndependentAgnosticClause.swift */; };
		6E83D95B268A2FBD007912FE /* JSONAdverbs.swift in Sources */ = {isa = PBXBuildFile; fileRef = 6E83D95A268A2FBD007912FE /* JSONAdverbs.swift */; };
		6E83D95D268A4345007912FE /* JSONConjunctions.swift in Sources */ = {isa = PBXBuildFile; fileRef = 6E83D95C268A4345007912FE /* JSONConjunctions.swift */; };
		6E83D95F268BB7CD007912FE /* JSONPronouns.swift in Sources */ = {isa = PBXBuildFile; fileRef = 6E83D95E268BB7CC007912FE /* JSONPronouns.swift */; };
		6E83D961268F7D81007912FE /* PersonalPronounGames.swift in Sources */ = {isa = PBXBuildFile; fileRef = 6E83D960268F7D81007912FE /* PersonalPronounGames.swift */; };
		6E83D963268FA18B007912FE /* ContextFreePronouns.swift in Sources */ = {isa = PBXBuildFile; fileRef = 6E83D962268FA18B007912FE /* ContextFreePronouns.swift */; };
		6E83D965268FD179007912FE /* RandomWordsForPersonalPronounGames.swift in Sources */ = {isa = PBXBuildFile; fileRef = 6E83D964268FD178007912FE /* RandomWordsForPersonalPronounGames.swift */; };
		6E83D96726938427007912FE /* CFMorphStruct.swift in Sources */ = {isa = PBXBuildFile; fileRef = 6E83D96626938427007912FE /* CFMorphStruct.swift */; };
		6E83D96926960835007912FE /* CFMorphSentence.swift in Sources */ = {isa = PBXBuildFile; fileRef = 6E83D96826960834007912FE /* CFMorphSentence.swift */; };
		6E83D96B269A520B007912FE /* CFMorphModel.swift in Sources */ = {isa = PBXBuildFile; fileRef = 6E83D96A269A520B007912FE /* CFMorphModel.swift */; };
		6E83D96E26A47BFC007912FE /* ContextFreeLesson.swift in Sources */ = {isa = PBXBuildFile; fileRef = 6E83D96D26A47BFB007912FE /* ContextFreeLesson.swift */; };
		6E83D97026A5F50B007912FE /* ContextFreeLessonView.swift in Sources */ = {isa = PBXBuildFile; fileRef = 6E83D96F26A5F50B007912FE /* ContextFreeLessonView.swift */; };
		6E87AE4D278B9D410089CDC3 /* FilledPhraseView.swift in Sources */ = {isa = PBXBuildFile; fileRef = 6E87AE4C278B9D410089CDC3 /* FilledPhraseView.swift */; };
		6E87AE51278CDA700089CDC3 /* LoadWordsIntoPhraseView.swift in Sources */ = {isa = PBXBuildFile; fileRef = 6E87AE50278CDA700089CDC3 /* LoadWordsIntoPhraseView.swift */; };
		6E87AE54278E00AF0089CDC3 /* NamedPhraseManager.swift in Sources */ = {isa = PBXBuildFile; fileRef = 6E87AE53278E00AF0089CDC3 /* NamedPhraseManager.swift */; };
		6EA1F2D727552D1E00830A6E /* JSONGrammarMapping.swift in Sources */ = {isa = PBXBuildFile; fileRef = 6EA1F2D627552D1E00830A6E /* JSONGrammarMapping.swift */; };
		6EA1F2DE2759814000830A6E /* MorphStep.swift in Sources */ = {isa = PBXBuildFile; fileRef = 6EA1F2DC2759814000830A6E /* MorphStep.swift */; };
		6EA1F2DF2759814000830A6E /* MorphStruct.swift in Sources */ = {isa = PBXBuildFile; fileRef = 6EA1F2DD2759814000830A6E /* MorphStruct.swift */; };
		6EA1F2E12759815E00830A6E /* MorphStructManager.swift in Sources */ = {isa = PBXBuildFile; fileRef = 6EA1F2E02759815E00830A6E /* MorphStructManager.swift */; };
		6EA1F2E32759824F00830A6E /* RegularSpanishVerb.swift in Sources */ = {isa = PBXBuildFile; fileRef = 6EA1F2E22759824F00830A6E /* RegularSpanishVerb.swift */; };
		6EA1F2E5275983C900830A6E /* IrregularVerbsSpanish.swift in Sources */ = {isa = PBXBuildFile; fileRef = 6EA1F2E4275983C900830A6E /* IrregularVerbsSpanish.swift */; };
		6EA1F2E72759841700830A6E /* BSpanishVerbExtras.swift in Sources */ = {isa = PBXBuildFile; fileRef = 6EA1F2E62759841700830A6E /* BSpanishVerbExtras.swift */; };
		6EA22484273EC32B006D8A73 /* ClauseManipulation.swift in Sources */ = {isa = PBXBuildFile; fileRef = 6EA22483273EC32B006D8A73 /* ClauseManipulation.swift */; };
		6EAD8E0C2667E46800ADC6F3 /* RomanceVerbModel.swift in Sources */ = {isa = PBXBuildFile; fileRef = 6EAD8E0B2667E46800ADC6F3 /* RomanceVerbModel.swift */; };
		6EAD8E102667E6A800ADC6F3 /* RegularFrenchVerb.swift in Sources */ = {isa = PBXBuildFile; fileRef = 6EAD8E0D2667E6A800ADC6F3 /* RegularFrenchVerb.swift */; };
		6EAD8E112667E6A800ADC6F3 /* ActiveVerbConjugationFrench.swift in Sources */ = {isa = PBXBuildFile; fileRef = 6EAD8E0E2667E6A800ADC6F3 /* ActiveVerbConjugationFrench.swift */; };
		6EAD8E122667E6A800ADC6F3 /* IrregularVerbsFrench.swift in Sources */ = {isa = PBXBuildFile; fileRef = 6EAD8E0F2667E6A800ADC6F3 /* IrregularVerbsFrench.swift */; };
		6EAD8E162667ED7600ADC6F3 /* RomanceVerbModelConjugation.swift in Sources */ = {isa = PBXBuildFile; fileRef = 6EAD8E152667ED7600ADC6F3 /* RomanceVerbModelConjugation.swift */; };
		6EAD8E192667ED9E00ADC6F3 /* FrenchCreateVerbModel.swift in Sources */ = {isa = PBXBuildFile; fileRef = 6EAD8E172667ED9E00ADC6F3 /* FrenchCreateVerbModel.swift */; };
		6EAD8E1A2667ED9E00ADC6F3 /* SpanishCreateVerbModel.swift in Sources */ = {isa = PBXBuildFile; fileRef = 6EAD8E182667ED9E00ADC6F3 /* SpanishCreateVerbModel.swift */; };
		6EAD8E1C2667EEF600ADC6F3 /* VerbModelJson.swift in Sources */ = {isa = PBXBuildFile; fileRef = 6EAD8E1B2667EEF600ADC6F3 /* VerbModelJson.swift */; };
		6EAD8E222667F50000ADC6F3 /* Pronoun.swift in Sources */ = {isa = PBXBuildFile; fileRef = 6EAD8E212667F50000ADC6F3 /* Pronoun.swift */; };
		6EAD8E26266C2D4900ADC6F3 /* WordStateData.swift in Sources */ = {isa = PBXBuildFile; fileRef = 6EAD8E25266C2D4800ADC6F3 /* WordStateData.swift */; };
		6EB084032730669A00ADCB11 /* SemanticsAdjective.swift in Sources */ = {isa = PBXBuildFile; fileRef = 6EB084022730669A00ADCB11 /* SemanticsAdjective.swift */; };
		6EB08405273090CD00ADCB11 /* SemanticsEnum.swift in Sources */ = {isa = PBXBuildFile; fileRef = 6EB08404273090CD00ADCB11 /* SemanticsEnum.swift */; };
		6EB084072731F61500ADCB11 /* VerbModelManager.swift in Sources */ = {isa = PBXBuildFile; fileRef = 6EB084062731F61500ADCB11 /* VerbModelManager.swift */; };
		6EBD7BA9277D0CF300460AB7 /* ClauseWorkSpace.swift in Sources */ = {isa = PBXBuildFile; fileRef = 6EBD7BA8277D0CF300460AB7 /* ClauseWorkSpace.swift */; };
		6EC671A1267D356800AEBE31 /* MultiVerbConjugation.swift in Sources */ = {isa = PBXBuildFile; fileRef = 6EC671A0267D356800AEBE31 /* MultiVerbConjugation.swift */; };
		6EC671A3267E93D800AEBE31 /* JsonAdjectives.swift in Sources */ = {isa = PBXBuildFile; fileRef = 6EC671A2267E93D800AEBE31 /* JsonAdjectives.swift */; };
		6EC671A5267EDAA300AEBE31 /* JSONPrepositions.swift in Sources */ = {isa = PBXBuildFile; fileRef = 6EC671A4267EDAA300AEBE31 /* JSONPrepositions.swift */; };
		6EC671A7267F8AAE00AEBE31 /* JsonDeterminers.swift in Sources */ = {isa = PBXBuildFile; fileRef = 6EC671A6267F8AAE00AEBE31 /* JsonDeterminers.swift */; };
		6EC671A92681357500AEBE31 /* CFUniversal.swift in Sources */ = {isa = PBXBuildFile; fileRef = 6EC671A82681357400AEBE31 /* CFUniversal.swift */; };
		6ECCB6CB267BA20200B24C00 /* BEnglishVerb.swift in Sources */ = {isa = PBXBuildFile; fileRef = 6ECCB6CA267BA20200B24C00 /* BEnglishVerb.swift */; };
		6ECCB6CF267BC63700B24C00 /* EnglishVerbModelConjugation.swift in Sources */ = {isa = PBXBuildFile; fileRef = 6ECCB6CE267BC63700B24C00 /* EnglishVerbModelConjugation.swift */; };
		6ED7B90327514FCA004D5BBA /* EnumsNumberGenderPersonAndTense.swift in Sources */ = {isa = PBXBuildFile; fileRef = 6ED7B90227514FCA004D5BBA /* EnumsNumberGenderPersonAndTense.swift */; };
		6ED7B909275155AB004D5BBA /* MiscSentenceStructs.swift in Sources */ = {isa = PBXBuildFile; fileRef = 6ED7B908275155AB004D5BBA /* MiscSentenceStructs.swift */; };
		6ED7B90D275156A1004D5BBA /* EnumsContentFree.swift in Sources */ = {isa = PBXBuildFile; fileRef = 6ED7B90C275156A1004D5BBA /* EnumsContentFree.swift */; };
		6EE7BD742618C01A00840EB7 /* ContextFreeApp.swift in Sources */ = {isa = PBXBuildFile; fileRef = 6EE7BD732618C01A00840EB7 /* ContextFreeApp.swift */; };
		6EE7BD762618C01A00840EB7 /* ContentView.swift in Sources */ = {isa = PBXBuildFile; fileRef = 6EE7BD752618C01A00840EB7 /* ContentView.swift */; };
		6EE7BD782618C02400840EB7 /* Assets.xcassets in Resources */ = {isa = PBXBuildFile; fileRef = 6EE7BD772618C02400840EB7 /* Assets.xcassets */; };
		6EE7BD7B2618C02400840EB7 /* Preview Assets.xcassets in Resources */ = {isa = PBXBuildFile; fileRef = 6EE7BD7A2618C02400840EB7 /* Preview Assets.xcassets */; };
		6EE7BD872618C08300840EB7 /* ContextFreeRule.swift in Sources */ = {isa = PBXBuildFile; fileRef = 6EE7BD842618C08300840EB7 /* ContextFreeRule.swift */; };
		6EE7BD882618C08300840EB7 /* ContextFreeGrammar.swift in Sources */ = {isa = PBXBuildFile; fileRef = 6EE7BD852618C08300840EB7 /* ContextFreeGrammar.swift */; };
		6EE7BD8E2619019900840EB7 /* WordGames.swift in Sources */ = {isa = PBXBuildFile; fileRef = 6EE7BD8D2619019900840EB7 /* WordGames.swift */; };
		6EE7BD91261901E700840EB7 /* PhraseInSingleLanguageView.swift in Sources */ = {isa = PBXBuildFile; fileRef = 6EE7BD90261901E700840EB7 /* PhraseInSingleLanguageView.swift */; };
		6EE7BD9A2619040900840EB7 /* Unconjugate.swift in Sources */ = {isa = PBXBuildFile; fileRef = 6EE7BD992619040900840EB7 /* Unconjugate.swift */; };
		6EE7BD9D261912AE00840EB7 /* Sentence.swift in Sources */ = {isa = PBXBuildFile; fileRef = 6EE7BD9C261912AE00840EB7 /* Sentence.swift */; };
		6EE7BDAA261A177200840EB7 /* Adjective.swift in Sources */ = {isa = PBXBuildFile; fileRef = 6EE7BDA5261A177100840EB7 /* Adjective.swift */; };
		6EE7BDAB261A177200840EB7 /* Article.swift in Sources */ = {isa = PBXBuildFile; fileRef = 6EE7BDA6261A177100840EB7 /* Article.swift */; };
		6EE7BDAC261A177200840EB7 /* Noun.swift in Sources */ = {isa = PBXBuildFile; fileRef = 6EE7BDA7261A177100840EB7 /* Noun.swift */; };
		6EE7BDAE261A177200840EB7 /* Determiner.swift in Sources */ = {isa = PBXBuildFile; fileRef = 6EE7BDA9261A177200840EB7 /* Determiner.swift */; };
		6EE7BDB1261A188100840EB7 /* EnumPartOfSpeech.swift in Sources */ = {isa = PBXBuildFile; fileRef = 6EE7BDB0261A188100840EB7 /* EnumPartOfSpeech.swift */; };
		6EE7BDB5261A1E2400840EB7 /* CFModel.swift in Sources */ = {isa = PBXBuildFile; fileRef = 6EE7BDB4261A1E2400840EB7 /* CFModel.swift */; };
		6EE7BDBB261A2ED500840EB7 /* Verb.swift in Sources */ = {isa = PBXBuildFile; fileRef = 6EE7BDBA261A2ED500840EB7 /* Verb.swift */; };
		6EE7BDC3261A464D00840EB7 /* CFModelView.swift in Sources */ = {isa = PBXBuildFile; fileRef = 6EE7BDC2261A464D00840EB7 /* CFModelView.swift */; };
		6EEA95AB276155C500F73573 /* StringExtension.swift in Sources */ = {isa = PBXBuildFile; fileRef = 6EEA95AA276155C500F73573 /* StringExtension.swift */; };
		6EEA95BD2762B80600F73573 /* AgnosticWord.swift in Sources */ = {isa = PBXBuildFile; fileRef = 6EEA95BC2762B80600F73573 /* AgnosticWord.swift */; };
		6EEAF289261A9E230085E3C6 /* VerbUtilities.swift in Sources */ = {isa = PBXBuildFile; fileRef = 6EEAF288261A9E230085E3C6 /* VerbUtilities.swift */; };
		6EEAF28D261B76750085E3C6 /* Word.swift in Sources */ = {isa = PBXBuildFile; fileRef = 6EEAF28C261B76750085E3C6 /* Word.swift */; };
		6EEAF296261DF54F0085E3C6 /* SpanishWords.swift in Sources */ = {isa = PBXBuildFile; fileRef = 6EEAF295261DF54F0085E3C6 /* SpanishWords.swift */; };
		6EEAF299261DF6100085E3C6 /* EnglishWords.swift in Sources */ = {isa = PBXBuildFile; fileRef = 6EEAF298261DF6100085E3C6 /* EnglishWords.swift */; };
		6EEAF29D261E59460085E3C6 /* Preposition.swift in Sources */ = {isa = PBXBuildFile; fileRef = 6EEAF29C261E59460085E3C6 /* Preposition.swift */; };
		6EEAF2A0261E60340085E3C6 /* Adverb.swift in Sources */ = {isa = PBXBuildFile; fileRef = 6EEAF29F261E60340085E3C6 /* Adverb.swift */; };
		6EEAF2A4261F7DC40085E3C6 /* WordStringParser.swift in Sources */ = {isa = PBXBuildFile; fileRef = 6EEAF2A3261F7DC40085E3C6 /* WordStringParser.swift */; };
		6EEAF2A72620E6CC0085E3C6 /* Punctuation.swift in Sources */ = {isa = PBXBuildFile; fileRef = 6EEAF2A62620E6CC0085E3C6 /* Punctuation.swift */; };
		6EEAF2AD262115770085E3C6 /* Ambiguous.swift in Sources */ = {isa = PBXBuildFile; fileRef = 6EEAF2AC262115770085E3C6 /* Ambiguous.swift */; };
		6EEAF2B2262225C90085E3C6 /* ContextFreeGrammarConstruction.swift in Sources */ = {isa = PBXBuildFile; fileRef = 6EEAF2B1262225C90085E3C6 /* ContextFreeGrammarConstruction.swift */; };
		6EEAF2B526222FC10085E3C6 /* CFGrammarLibrary.swift in Sources */ = {isa = PBXBuildFile; fileRef = 6EEAF2B426222FC10085E3C6 /* CFGrammarLibrary.swift */; };
/* End PBXBuildFile section */

/* Begin PBXFileReference section */
		6E03E7FE27909A0A0015DAED /* JSONWordCollection.swift */ = {isa = PBXFileReference; fileEncoding = 4; lastKnownFileType = sourcecode.swift; path = JSONWordCollection.swift; sourceTree = "<group>"; };
		6E03E7FF27909A0A0015DAED /* JSONWordCollectionManager.swift */ = {isa = PBXFileReference; fileEncoding = 4; lastKnownFileType = sourcecode.swift; path = JSONWordCollectionManager.swift; sourceTree = "<group>"; };
		6E0463F626262813009A0937 /* Cluster.swift */ = {isa = PBXFileReference; lastKnownFileType = sourcecode.swift; path = Cluster.swift; sourceTree = "<group>"; };
		6E0463FA26262E54009A0937 /* DtsInfo.swift */ = {isa = PBXFileReference; lastKnownFileType = sourcecode.swift; path = DtsInfo.swift; sourceTree = "<group>"; };
		6E0463FD26263D34009A0937 /* SentenceWordList.swift */ = {isa = PBXFileReference; lastKnownFileType = sourcecode.swift; path = SentenceWordList.swift; sourceTree = "<group>"; };
		6E046400262641F3009A0937 /* Clause.swift */ = {isa = PBXFileReference; lastKnownFileType = sourcecode.swift; path = Clause.swift; sourceTree = "<group>"; };
		6E04640326264394009A0937 /* Single.swift */ = {isa = PBXFileReference; lastKnownFileType = sourcecode.swift; path = Single.swift; sourceTree = "<group>"; };
		6E0464062626448D009A0937 /* Correction.swift */ = {isa = PBXFileReference; lastKnownFileType = sourcecode.swift; path = Correction.swift; sourceTree = "<group>"; };
		6E046409262769E9009A0937 /* NounCluster.swift */ = {isa = PBXFileReference; lastKnownFileType = sourcecode.swift; path = NounCluster.swift; sourceTree = "<group>"; };
		6E04640C2627855F009A0937 /* Phrase.swift */ = {isa = PBXFileReference; lastKnownFileType = sourcecode.swift; path = Phrase.swift; sourceTree = "<group>"; };
		6E04640F2628BA56009A0937 /* VerbCluster.swift */ = {isa = PBXFileReference; lastKnownFileType = sourcecode.swift; path = VerbCluster.swift; sourceTree = "<group>"; };
		6E0464132629E523009A0937 /* WordRuleManager.swift */ = {isa = PBXFileReference; fileEncoding = 4; lastKnownFileType = sourcecode.swift; path = WordRuleManager.swift; sourceTree = "<group>"; };
		6E046418262C6F2C009A0937 /* Conjunction.swift */ = {isa = PBXFileReference; lastKnownFileType = sourcecode.swift; path = Conjunction.swift; sourceTree = "<group>"; };
		6E04641C262C8705009A0937 /* dIndependentClause.swift */ = {isa = PBXFileReference; lastKnownFileType = sourcecode.swift; path = dIndependentClause.swift; sourceTree = "<group>"; };
		6E046422262E286F009A0937 /* BVerb.swift */ = {isa = PBXFileReference; lastKnownFileType = sourcecode.swift; path = BVerb.swift; sourceTree = "<group>"; };
		6E046425262E28BC009A0937 /* BRomanceVerb.swift */ = {isa = PBXFileReference; lastKnownFileType = sourcecode.swift; path = BRomanceVerb.swift; sourceTree = "<group>"; };
		6E04642D262E2CEC009A0937 /* CreateVerbModel.swift */ = {isa = PBXFileReference; lastKnownFileType = sourcecode.swift; path = CreateVerbModel.swift; sourceTree = "<group>"; };
		6E046430262E2D32009A0937 /* VerbModel.swift */ = {isa = PBXFileReference; lastKnownFileType = sourcecode.swift; path = VerbModel.swift; sourceTree = "<group>"; };
		6E04643A262F2F1C009A0937 /* SpanishVerbList.swift */ = {isa = PBXFileReference; fileEncoding = 4; lastKnownFileType = sourcecode.swift; path = SpanishVerbList.swift; sourceTree = "<group>"; };
		6E04643B262F2F1C009A0937 /* BSpanishVerb.swift */ = {isa = PBXFileReference; fileEncoding = 4; lastKnownFileType = sourcecode.swift; path = BSpanishVerb.swift; sourceTree = "<group>"; };
		6E04643C262F2F1C009A0937 /* StemChangingConjugation.swift */ = {isa = PBXFileReference; fileEncoding = 4; lastKnownFileType = sourcecode.swift; path = StemChangingConjugation.swift; sourceTree = "<group>"; };
		6E04643E262F2F1C009A0937 /* PassiveVerbConjugationSpanish.swift */ = {isa = PBXFileReference; fileEncoding = 4; lastKnownFileType = sourcecode.swift; path = PassiveVerbConjugationSpanish.swift; sourceTree = "<group>"; };
		6E046440262F2F1C009A0937 /* ActiveVerbConjugationSpanish.swift */ = {isa = PBXFileReference; fileEncoding = 4; lastKnownFileType = sourcecode.swift; path = ActiveVerbConjugationSpanish.swift; sourceTree = "<group>"; };
		6E04644B262F80D7009A0937 /* TenseManager.swift */ = {isa = PBXFileReference; lastKnownFileType = sourcecode.swift; path = TenseManager.swift; sourceTree = "<group>"; };
		6E04644E2631D16E009A0937 /* FrenchWords.swift */ = {isa = PBXFileReference; lastKnownFileType = sourcecode.swift; path = FrenchWords.swift; sourceTree = "<group>"; };
		6E04645126322381009A0937 /* AmbiguousPronoun.swift */ = {isa = PBXFileReference; lastKnownFileType = sourcecode.swift; path = AmbiguousPronoun.swift; sourceTree = "<group>"; };
		6E04645526372799009A0937 /* BFrenchVerb.swift */ = {isa = PBXFileReference; lastKnownFileType = sourcecode.swift; path = BFrenchVerb.swift; sourceTree = "<group>"; };
		6E0518B42797798100843352 /* JSONNamedPhrases.swift */ = {isa = PBXFileReference; lastKnownFileType = sourcecode.swift; path = JSONNamedPhrases.swift; sourceTree = "<group>"; };
		6E0518B627987B7F00843352 /* JSONNamedSingleton.swift */ = {isa = PBXFileReference; lastKnownFileType = sourcecode.swift; path = JSONNamedSingleton.swift; sourceTree = "<group>"; };
		6E0518B82798802D00843352 /* NamedSingleton.swift */ = {isa = PBXFileReference; lastKnownFileType = sourcecode.swift; path = NamedSingleton.swift; sourceTree = "<group>"; };
		6E0518BC27989DA700843352 /* NewNameAlert.swift */ = {isa = PBXFileReference; lastKnownFileType = sourcecode.swift; path = NewNameAlert.swift; sourceTree = "<group>"; };
		6E0518C02798BEE600843352 /* BuildSingletonPhraseView.swift */ = {isa = PBXFileReference; lastKnownFileType = sourcecode.swift; path = BuildSingletonPhraseView.swift; sourceTree = "<group>"; };
		6E0518C22798CB1100843352 /* BuildNounPhraseView.swift */ = {isa = PBXFileReference; lastKnownFileType = sourcecode.swift; path = BuildNounPhraseView.swift; sourceTree = "<group>"; };
		6E0518C42798D8CF00843352 /* NewNamedPhrase.swift */ = {isa = PBXFileReference; lastKnownFileType = sourcecode.swift; path = NewNamedPhrase.swift; sourceTree = "<group>"; };
		6E098C8C274D9D9F00578DF0 /* SentenceView.swift */ = {isa = PBXFileReference; lastKnownFileType = sourcecode.swift; path = SentenceView.swift; sourceTree = "<group>"; };
		6E098C8E274EEC0600578DF0 /* LanguageSelectorView.swift */ = {isa = PBXFileReference; lastKnownFileType = sourcecode.swift; path = LanguageSelectorView.swift; sourceTree = "<group>"; };
		6E0BF81D2783C0FA00CEC576 /* EnumExceptions.swift */ = {isa = PBXFileReference; fileEncoding = 4; lastKnownFileType = sourcecode.swift; name = EnumExceptions.swift; path = ../../../../SentenceParser/SentenceParser/SentenceParser/EnumExceptions.swift; sourceTree = "<group>"; };
		6E0BF82F2789F7F300CEC576 /* Capitulo.swift */ = {isa = PBXFileReference; lastKnownFileType = sourcecode.swift; path = Capitulo.swift; sourceTree = "<group>"; };
		6E0BF83A278B6A7800CEC576 /* JsonEnums.swift */ = {isa = PBXFileReference; fileEncoding = 4; lastKnownFileType = sourcecode.swift; path = JsonEnums.swift; sourceTree = "<group>"; };
		6E0C03C827810B0100260899 /* PhraseIndexMapping.swift */ = {isa = PBXFileReference; lastKnownFileType = sourcecode.swift; path = PhraseIndexMapping.swift; sourceTree = "<group>"; };
		6E11BA13279475860067B9A8 /* NamedPhrase.swift */ = {isa = PBXFileReference; lastKnownFileType = sourcecode.swift; path = NamedPhrase.swift; sourceTree = "<group>"; };
		6E1A08C826700D1A00917E81 /* JSONVerbs.swift */ = {isa = PBXFileReference; fileEncoding = 4; lastKnownFileType = sourcecode.swift; name = JSONVerbs.swift; path = ../../../../SPIFE/WordGamesSPIFE/WordGamesSPIFE/JSON/JSONVerbs.swift; sourceTree = "<group>"; };
		6E228A2E2748097700E26B86 /* WordSurgery.swift */ = {isa = PBXFileReference; lastKnownFileType = sourcecode.swift; path = WordSurgery.swift; sourceTree = "<group>"; };
		6E228A30274C61D700E26B86 /* NewPhrasesIn3LanguagesView.swift */ = {isa = PBXFileReference; lastKnownFileType = sourcecode.swift; path = NewPhrasesIn3LanguagesView.swift; sourceTree = "<group>"; };
		6E273EAE26B9ACDB002D219A /* HeaderView.swift */ = {isa = PBXFileReference; lastKnownFileType = sourcecode.swift; path = HeaderView.swift; sourceTree = "<group>"; };
		6E273EB026B9B40A002D219A /* LanguageChooserView.swift */ = {isa = PBXFileReference; lastKnownFileType = sourcecode.swift; path = LanguageChooserView.swift; sourceTree = "<group>"; };
		6E30924B275D7E53009BEDB4 /* GitHubTest.swift */ = {isa = PBXFileReference; fileEncoding = 4; lastKnownFileType = sourcecode.swift; name = GitHubTest.swift; path = "../../../../SPIFE/VIperSpanish 2/VIperSpanish 2/Utilities/GitHubTest.swift"; sourceTree = "<group>"; };
		6E32457426F0EEFE00863A46 /* JSONDictionaryManager.swift */ = {isa = PBXFileReference; lastKnownFileType = sourcecode.swift; path = JSONDictionaryManager.swift; sourceTree = "<group>"; };
		6E415E55279349F00059A21B /* WordViewModel.swift */ = {isa = PBXFileReference; lastKnownFileType = sourcecode.swift; path = WordViewModel.swift; sourceTree = "<group>"; };
		6E68AA8D26A7758200E53331 /* DetailedPhraseView.swift */ = {isa = PBXFileReference; lastKnownFileType = sourcecode.swift; path = DetailedPhraseView.swift; sourceTree = "<group>"; };
		6E68AA8F26A880AF00E53331 /* JSONLesson.swift */ = {isa = PBXFileReference; lastKnownFileType = sourcecode.swift; path = JSONLesson.swift; sourceTree = "<group>"; };
		6E68AA9126A8871100E53331 /* JsonPhrase.swift */ = {isa = PBXFileReference; lastKnownFileType = sourcecode.swift; path = JsonPhrase.swift; sourceTree = "<group>"; };
		6E68AA9326AB30CC00E53331 /* JsonClause.swift */ = {isa = PBXFileReference; lastKnownFileType = sourcecode.swift; path = JsonClause.swift; sourceTree = "<group>"; };
		6E6A49242639B3000096C36F /* ClusterResolution.swift */ = {isa = PBXFileReference; lastKnownFileType = sourcecode.swift; path = ClusterResolution.swift; sourceTree = "<group>"; };
		6E6A4926263A1F820096C36F /* WordStringResolution.swift */ = {isa = PBXFileReference; lastKnownFileType = sourcecode.swift; path = WordStringResolution.swift; sourceTree = "<group>"; };
		6E6A4928263C69A40096C36F /* RandomWords.swift */ = {isa = PBXFileReference; lastKnownFileType = sourcecode.swift; path = RandomWords.swift; sourceTree = "<group>"; };
		6E6A492A263F08B20096C36F /* CFSentenceGeneratorRule.swift */ = {isa = PBXFileReference; lastKnownFileType = sourcecode.swift; path = CFSentenceGeneratorRule.swift; sourceTree = "<group>"; };
		6E6A492C2644565B0096C36F /* GamesTemplate.swift */ = {isa = PBXFileReference; lastKnownFileType = sourcecode.swift; path = GamesTemplate.swift; sourceTree = "<group>"; };
		6E6A492E264466F90096C36F /* NounGames.swift */ = {isa = PBXFileReference; lastKnownFileType = sourcecode.swift; path = NounGames.swift; sourceTree = "<group>"; };
		6E6A4930264467120096C36F /* ArticleGames.swift */ = {isa = PBXFileReference; lastKnownFileType = sourcecode.swift; path = ArticleGames.swift; sourceTree = "<group>"; };
		6E6A4932264467290096C36F /* VerbGames.swift */ = {isa = PBXFileReference; lastKnownFileType = sourcecode.swift; path = VerbGames.swift; sourceTree = "<group>"; };
		6E6A493426446FF50096C36F /* AdjectiveGames.swift */ = {isa = PBXFileReference; lastKnownFileType = sourcecode.swift; path = AdjectiveGames.swift; sourceTree = "<group>"; };
		6E6A494526457E8C0096C36F /* CategoryView.swift */ = {isa = PBXFileReference; lastKnownFileType = sourcecode.swift; path = CategoryView.swift; sourceTree = "<group>"; };
		6E6A4949264591F20096C36F /* ConciseListView.swift */ = {isa = PBXFileReference; lastKnownFileType = sourcecode.swift; path = ConciseListView.swift; sourceTree = "<group>"; };
		6E6A494B26459A3E0096C36F /* ExpandedAdjectiveView.swift */ = {isa = PBXFileReference; lastKnownFileType = sourcecode.swift; path = ExpandedAdjectiveView.swift; sourceTree = "<group>"; };
		6E6A494E2645CC7C0096C36F /* WordComponent.swift */ = {isa = PBXFileReference; lastKnownFileType = sourcecode.swift; path = WordComponent.swift; sourceTree = "<group>"; };
		6E7A3E9E2674F9770070364C /* Disambiguation.swift */ = {isa = PBXFileReference; lastKnownFileType = sourcecode.swift; path = Disambiguation.swift; sourceTree = "<group>"; };
		6E7A3EA026752F6B0070364C /* GeneralWords.swift */ = {isa = PBXFileReference; lastKnownFileType = sourcecode.swift; path = GeneralWords.swift; sourceTree = "<group>"; };
		6E7A3EA22678094E0070364C /* JSONNouns.swift */ = {isa = PBXFileReference; lastKnownFileType = sourcecode.swift; path = JSONNouns.swift; sourceTree = "<group>"; };
		6E7A3EA4267A582C0070364C /* ContextFreeMapping.swift */ = {isa = PBXFileReference; lastKnownFileType = sourcecode.swift; path = ContextFreeMapping.swift; sourceTree = "<group>"; };
		6E7A3EA6267A64620070364C /* EnglishCreateVerbModel.swift */ = {isa = PBXFileReference; lastKnownFileType = sourcecode.swift; path = EnglishCreateVerbModel.swift; sourceTree = "<group>"; };
		6E8091A32686470F009E1CB5 /* dIndependentAgnosticClause.swift */ = {isa = PBXFileReference; lastKnownFileType = sourcecode.swift; path = dIndependentAgnosticClause.swift; sourceTree = "<group>"; };
		6E83D95A268A2FBD007912FE /* JSONAdverbs.swift */ = {isa = PBXFileReference; lastKnownFileType = sourcecode.swift; path = JSONAdverbs.swift; sourceTree = "<group>"; };
		6E83D95C268A4345007912FE /* JSONConjunctions.swift */ = {isa = PBXFileReference; lastKnownFileType = sourcecode.swift; path = JSONConjunctions.swift; sourceTree = "<group>"; };
		6E83D95E268BB7CC007912FE /* JSONPronouns.swift */ = {isa = PBXFileReference; lastKnownFileType = sourcecode.swift; path = JSONPronouns.swift; sourceTree = "<group>"; };
		6E83D960268F7D81007912FE /* PersonalPronounGames.swift */ = {isa = PBXFileReference; lastKnownFileType = sourcecode.swift; path = PersonalPronounGames.swift; sourceTree = "<group>"; };
		6E83D962268FA18B007912FE /* ContextFreePronouns.swift */ = {isa = PBXFileReference; lastKnownFileType = sourcecode.swift; path = ContextFreePronouns.swift; sourceTree = "<group>"; };
		6E83D964268FD178007912FE /* RandomWordsForPersonalPronounGames.swift */ = {isa = PBXFileReference; lastKnownFileType = sourcecode.swift; path = RandomWordsForPersonalPronounGames.swift; sourceTree = "<group>"; };
		6E83D96626938427007912FE /* CFMorphStruct.swift */ = {isa = PBXFileReference; lastKnownFileType = sourcecode.swift; path = CFMorphStruct.swift; sourceTree = "<group>"; };
		6E83D96826960834007912FE /* CFMorphSentence.swift */ = {isa = PBXFileReference; lastKnownFileType = sourcecode.swift; path = CFMorphSentence.swift; sourceTree = "<group>"; };
		6E83D96A269A520B007912FE /* CFMorphModel.swift */ = {isa = PBXFileReference; lastKnownFileType = sourcecode.swift; path = CFMorphModel.swift; sourceTree = "<group>"; };
		6E83D96D26A47BFB007912FE /* ContextFreeLesson.swift */ = {isa = PBXFileReference; lastKnownFileType = sourcecode.swift; path = ContextFreeLesson.swift; sourceTree = "<group>"; };
		6E83D96F26A5F50B007912FE /* ContextFreeLessonView.swift */ = {isa = PBXFileReference; lastKnownFileType = sourcecode.swift; path = ContextFreeLessonView.swift; sourceTree = "<group>"; };
		6E87AE4C278B9D410089CDC3 /* FilledPhraseView.swift */ = {isa = PBXFileReference; lastKnownFileType = sourcecode.swift; path = FilledPhraseView.swift; sourceTree = "<group>"; };
		6E87AE50278CDA700089CDC3 /* LoadWordsIntoPhraseView.swift */ = {isa = PBXFileReference; lastKnownFileType = sourcecode.swift; path = LoadWordsIntoPhraseView.swift; sourceTree = "<group>"; };
		6E87AE53278E00AF0089CDC3 /* NamedPhraseManager.swift */ = {isa = PBXFileReference; lastKnownFileType = sourcecode.swift; path = NamedPhraseManager.swift; sourceTree = "<group>"; };
		6EA1F2D627552D1E00830A6E /* JSONGrammarMapping.swift */ = {isa = PBXFileReference; lastKnownFileType = sourcecode.swift; path = JSONGrammarMapping.swift; sourceTree = "<group>"; };
		6EA1F2DC2759814000830A6E /* MorphStep.swift */ = {isa = PBXFileReference; fileEncoding = 4; lastKnownFileType = sourcecode.swift; name = MorphStep.swift; path = "../../../../SPIFE/VIperSpanish 2/VIperSpanish 2/Morph stuff/MorphStep.swift"; sourceTree = "<group>"; };
		6EA1F2DD2759814000830A6E /* MorphStruct.swift */ = {isa = PBXFileReference; fileEncoding = 4; lastKnownFileType = sourcecode.swift; name = MorphStruct.swift; path = "../../../../SPIFE/VIperSpanish 2/VIperSpanish 2/Morph stuff/MorphStruct.swift"; sourceTree = "<group>"; };
		6EA1F2E02759815E00830A6E /* MorphStructManager.swift */ = {isa = PBXFileReference; fileEncoding = 4; lastKnownFileType = sourcecode.swift; name = MorphStructManager.swift; path = "../../../../SPIFE/VIperSpanish 2/VIperSpanish 2/Morph stuff/MorphStructManager.swift"; sourceTree = "<group>"; };
		6EA1F2E22759824F00830A6E /* RegularSpanishVerb.swift */ = {isa = PBXFileReference; fileEncoding = 4; lastKnownFileType = sourcecode.swift; name = RegularSpanishVerb.swift; path = "../../../../../SPIFE/VIperSpanish 2/VIperSpanish 2/Bescherelle /Spanish/RegularSpanishVerb.swift"; sourceTree = "<group>"; };
		6EA1F2E4275983C900830A6E /* IrregularVerbsSpanish.swift */ = {isa = PBXFileReference; fileEncoding = 4; lastKnownFileType = sourcecode.swift; name = IrregularVerbsSpanish.swift; path = "../../../../../SPIFE/VIperSpanish 2/VIperSpanish 2/Bescherelle /Spanish/IrregularVerbsSpanish.swift"; sourceTree = "<group>"; };
		6EA1F2E62759841700830A6E /* BSpanishVerbExtras.swift */ = {isa = PBXFileReference; fileEncoding = 4; lastKnownFileType = sourcecode.swift; name = BSpanishVerbExtras.swift; path = "../../../../../SPIFE/VIperSpanish 2/VIperSpanish 2/Bescherelle /Spanish/BSpanishVerbExtras.swift"; sourceTree = "<group>"; };
		6EA22483273EC32B006D8A73 /* ClauseManipulation.swift */ = {isa = PBXFileReference; lastKnownFileType = sourcecode.swift; path = ClauseManipulation.swift; sourceTree = "<group>"; };
		6EAD8E0B2667E46800ADC6F3 /* RomanceVerbModel.swift */ = {isa = PBXFileReference; fileEncoding = 4; lastKnownFileType = sourcecode.swift; name = RomanceVerbModel.swift; path = "../../../../SPIFE/VIperSpanish 2/VIperSpanish 2/Bescherelle /Bescherelle Book verb model/RomanceVerbModel.swift"; sourceTree = "<group>"; };
		6EAD8E0D2667E6A800ADC6F3 /* RegularFrenchVerb.swift */ = {isa = PBXFileReference; fileEncoding = 4; lastKnownFileType = sourcecode.swift; name = RegularFrenchVerb.swift; path = "../../../../../SPIFE/VIperSpanish 2/VIperSpanish 2/Bescherelle /French/RegularFrenchVerb.swift"; sourceTree = "<group>"; };
		6EAD8E0E2667E6A800ADC6F3 /* ActiveVerbConjugationFrench.swift */ = {isa = PBXFileReference; fileEncoding = 4; lastKnownFileType = sourcecode.swift; name = ActiveVerbConjugationFrench.swift; path = "../../../../../SPIFE/VIperSpanish 2/VIperSpanish 2/Bescherelle /French/ActiveVerbConjugationFrench.swift"; sourceTree = "<group>"; };
		6EAD8E0F2667E6A800ADC6F3 /* IrregularVerbsFrench.swift */ = {isa = PBXFileReference; fileEncoding = 4; lastKnownFileType = sourcecode.swift; name = IrregularVerbsFrench.swift; path = "../../../../../SPIFE/VIperSpanish 2/VIperSpanish 2/Bescherelle /French/IrregularVerbsFrench.swift"; sourceTree = "<group>"; };
		6EAD8E152667ED7600ADC6F3 /* RomanceVerbModelConjugation.swift */ = {isa = PBXFileReference; fileEncoding = 4; lastKnownFileType = sourcecode.swift; name = RomanceVerbModelConjugation.swift; path = "../../../../SPIFE/VIperSpanish 2/VIperSpanish 2/Bescherelle /Bescherelle Book verb model/RomanceVerbModelConjugation.swift"; sourceTree = "<group>"; };
		6EAD8E172667ED9E00ADC6F3 /* FrenchCreateVerbModel.swift */ = {isa = PBXFileReference; fileEncoding = 4; lastKnownFileType = sourcecode.swift; name = FrenchCreateVerbModel.swift; path = "../../../../SPIFE/VIperSpanish 2/VIperSpanish 2/Bescherelle /Bescherelle Book verb model/FrenchCreateVerbModel.swift"; sourceTree = "<group>"; };
		6EAD8E182667ED9E00ADC6F3 /* SpanishCreateVerbModel.swift */ = {isa = PBXFileReference; fileEncoding = 4; lastKnownFileType = sourcecode.swift; name = SpanishCreateVerbModel.swift; path = "../../../../SPIFE/VIperSpanish 2/VIperSpanish 2/Bescherelle /Bescherelle Book verb model/SpanishCreateVerbModel.swift"; sourceTree = "<group>"; };
		6EAD8E1B2667EEF600ADC6F3 /* VerbModelJson.swift */ = {isa = PBXFileReference; fileEncoding = 4; lastKnownFileType = sourcecode.swift; name = VerbModelJson.swift; path = "../../../../SPIFE/VIperSpanish 2/VIperSpanish 2/JSON/VerbModelJson.swift"; sourceTree = "<group>"; };
		6EAD8E212667F50000ADC6F3 /* Pronoun.swift */ = {isa = PBXFileReference; fileEncoding = 4; lastKnownFileType = sourcecode.swift; path = Pronoun.swift; sourceTree = "<group>"; };
		6EAD8E25266C2D4800ADC6F3 /* WordStateData.swift */ = {isa = PBXFileReference; lastKnownFileType = sourcecode.swift; path = WordStateData.swift; sourceTree = "<group>"; };
		6EB084022730669A00ADCB11 /* SemanticsAdjective.swift */ = {isa = PBXFileReference; lastKnownFileType = sourcecode.swift; path = SemanticsAdjective.swift; sourceTree = "<group>"; };
		6EB08404273090CD00ADCB11 /* SemanticsEnum.swift */ = {isa = PBXFileReference; lastKnownFileType = sourcecode.swift; path = SemanticsEnum.swift; sourceTree = "<group>"; };
		6EB084062731F61500ADCB11 /* VerbModelManager.swift */ = {isa = PBXFileReference; lastKnownFileType = sourcecode.swift; path = VerbModelManager.swift; sourceTree = "<group>"; };
		6EBD7BA8277D0CF300460AB7 /* ClauseWorkSpace.swift */ = {isa = PBXFileReference; lastKnownFileType = sourcecode.swift; path = ClauseWorkSpace.swift; sourceTree = "<group>"; };
		6EC671A0267D356800AEBE31 /* MultiVerbConjugation.swift */ = {isa = PBXFileReference; lastKnownFileType = sourcecode.swift; path = MultiVerbConjugation.swift; sourceTree = "<group>"; };
		6EC671A2267E93D800AEBE31 /* JsonAdjectives.swift */ = {isa = PBXFileReference; lastKnownFileType = sourcecode.swift; path = JsonAdjectives.swift; sourceTree = "<group>"; };
		6EC671A4267EDAA300AEBE31 /* JSONPrepositions.swift */ = {isa = PBXFileReference; lastKnownFileType = sourcecode.swift; path = JSONPrepositions.swift; sourceTree = "<group>"; };
		6EC671A6267F8AAE00AEBE31 /* JsonDeterminers.swift */ = {isa = PBXFileReference; lastKnownFileType = sourcecode.swift; path = JsonDeterminers.swift; sourceTree = "<group>"; };
		6EC671A82681357400AEBE31 /* CFUniversal.swift */ = {isa = PBXFileReference; lastKnownFileType = sourcecode.swift; path = CFUniversal.swift; sourceTree = "<group>"; };
		6ECCB6CA267BA20200B24C00 /* BEnglishVerb.swift */ = {isa = PBXFileReference; lastKnownFileType = sourcecode.swift; path = BEnglishVerb.swift; sourceTree = "<group>"; };
		6ECCB6CE267BC63700B24C00 /* EnglishVerbModelConjugation.swift */ = {isa = PBXFileReference; lastKnownFileType = sourcecode.swift; path = EnglishVerbModelConjugation.swift; sourceTree = "<group>"; };
		6ED7B90227514FCA004D5BBA /* EnumsNumberGenderPersonAndTense.swift */ = {isa = PBXFileReference; fileEncoding = 4; lastKnownFileType = sourcecode.swift; name = EnumsNumberGenderPersonAndTense.swift; path = "../../../../SPIFE/VIperSpanish 2/VIperSpanish 2/Utilities/EnumsNumberGenderPersonAndTense.swift"; sourceTree = "<group>"; };
		6ED7B908275155AB004D5BBA /* MiscSentenceStructs.swift */ = {isa = PBXFileReference; lastKnownFileType = sourcecode.swift; path = MiscSentenceStructs.swift; sourceTree = "<group>"; };
		6ED7B90C275156A1004D5BBA /* EnumsContentFree.swift */ = {isa = PBXFileReference; lastKnownFileType = sourcecode.swift; path = EnumsContentFree.swift; sourceTree = "<group>"; };
		6EE7BD702618C01A00840EB7 /* ContextFree.app */ = {isa = PBXFileReference; explicitFileType = wrapper.application; includeInIndex = 0; path = ContextFree.app; sourceTree = BUILT_PRODUCTS_DIR; };
		6EE7BD732618C01A00840EB7 /* ContextFreeApp.swift */ = {isa = PBXFileReference; lastKnownFileType = sourcecode.swift; path = ContextFreeApp.swift; sourceTree = "<group>"; };
		6EE7BD752618C01A00840EB7 /* ContentView.swift */ = {isa = PBXFileReference; lastKnownFileType = sourcecode.swift; path = ContentView.swift; sourceTree = "<group>"; };
		6EE7BD772618C02400840EB7 /* Assets.xcassets */ = {isa = PBXFileReference; lastKnownFileType = folder.assetcatalog; path = Assets.xcassets; sourceTree = "<group>"; };
		6EE7BD7A2618C02400840EB7 /* Preview Assets.xcassets */ = {isa = PBXFileReference; lastKnownFileType = folder.assetcatalog; path = "Preview Assets.xcassets"; sourceTree = "<group>"; };
		6EE7BD7C2618C02400840EB7 /* Info.plist */ = {isa = PBXFileReference; lastKnownFileType = text.plist.xml; path = Info.plist; sourceTree = "<group>"; };
		6EE7BD842618C08300840EB7 /* ContextFreeRule.swift */ = {isa = PBXFileReference; fileEncoding = 4; lastKnownFileType = sourcecode.swift; path = ContextFreeRule.swift; sourceTree = "<group>"; };
		6EE7BD852618C08300840EB7 /* ContextFreeGrammar.swift */ = {isa = PBXFileReference; fileEncoding = 4; lastKnownFileType = sourcecode.swift; path = ContextFreeGrammar.swift; sourceTree = "<group>"; };
		6EE7BD8D2619019900840EB7 /* WordGames.swift */ = {isa = PBXFileReference; lastKnownFileType = sourcecode.swift; path = WordGames.swift; sourceTree = "<group>"; };
		6EE7BD90261901E700840EB7 /* PhraseInSingleLanguageView.swift */ = {isa = PBXFileReference; lastKnownFileType = sourcecode.swift; path = PhraseInSingleLanguageView.swift; sourceTree = "<group>"; };
		6EE7BD992619040900840EB7 /* Unconjugate.swift */ = {isa = PBXFileReference; lastKnownFileType = sourcecode.swift; path = Unconjugate.swift; sourceTree = "<group>"; };
		6EE7BD9C261912AE00840EB7 /* Sentence.swift */ = {isa = PBXFileReference; lastKnownFileType = sourcecode.swift; path = Sentence.swift; sourceTree = "<group>"; };
		6EE7BDA5261A177100840EB7 /* Adjective.swift */ = {isa = PBXFileReference; fileEncoding = 4; lastKnownFileType = sourcecode.swift; path = Adjective.swift; sourceTree = "<group>"; };
		6EE7BDA6261A177100840EB7 /* Article.swift */ = {isa = PBXFileReference; fileEncoding = 4; lastKnownFileType = sourcecode.swift; path = Article.swift; sourceTree = "<group>"; };
		6EE7BDA7261A177100840EB7 /* Noun.swift */ = {isa = PBXFileReference; fileEncoding = 4; lastKnownFileType = sourcecode.swift; path = Noun.swift; sourceTree = "<group>"; };
		6EE7BDA9261A177200840EB7 /* Determiner.swift */ = {isa = PBXFileReference; fileEncoding = 4; lastKnownFileType = sourcecode.swift; path = Determiner.swift; sourceTree = "<group>"; };
		6EE7BDB0261A188100840EB7 /* EnumPartOfSpeech.swift */ = {isa = PBXFileReference; fileEncoding = 4; lastKnownFileType = sourcecode.swift; path = EnumPartOfSpeech.swift; sourceTree = "<group>"; };
		6EE7BDB4261A1E2400840EB7 /* CFModel.swift */ = {isa = PBXFileReference; lastKnownFileType = sourcecode.swift; path = CFModel.swift; sourceTree = "<group>"; };
		6EE7BDBA261A2ED500840EB7 /* Verb.swift */ = {isa = PBXFileReference; lastKnownFileType = sourcecode.swift; path = Verb.swift; sourceTree = "<group>"; };
		6EE7BDC2261A464D00840EB7 /* CFModelView.swift */ = {isa = PBXFileReference; lastKnownFileType = sourcecode.swift; path = CFModelView.swift; sourceTree = "<group>"; };
		6EEA95AA276155C500F73573 /* StringExtension.swift */ = {isa = PBXFileReference; fileEncoding = 4; lastKnownFileType = sourcecode.swift; name = StringExtension.swift; path = ../../../../SPIFE/AgnosticWordManager/AgnosticWordManager/Utilities/StringExtension.swift; sourceTree = "<group>"; };
		6EEA95BC2762B80600F73573 /* AgnosticWord.swift */ = {isa = PBXFileReference; lastKnownFileType = sourcecode.swift; path = AgnosticWord.swift; sourceTree = "<group>"; };
		6EEAF288261A9E230085E3C6 /* VerbUtilities.swift */ = {isa = PBXFileReference; fileEncoding = 4; lastKnownFileType = sourcecode.swift; path = VerbUtilities.swift; sourceTree = "<group>"; };
		6EEAF28C261B76750085E3C6 /* Word.swift */ = {isa = PBXFileReference; lastKnownFileType = sourcecode.swift; path = Word.swift; sourceTree = "<group>"; };
		6EEAF295261DF54F0085E3C6 /* SpanishWords.swift */ = {isa = PBXFileReference; lastKnownFileType = sourcecode.swift; path = SpanishWords.swift; sourceTree = "<group>"; };
		6EEAF298261DF6100085E3C6 /* EnglishWords.swift */ = {isa = PBXFileReference; lastKnownFileType = sourcecode.swift; path = EnglishWords.swift; sourceTree = "<group>"; };
		6EEAF29C261E59460085E3C6 /* Preposition.swift */ = {isa = PBXFileReference; lastKnownFileType = sourcecode.swift; path = Preposition.swift; sourceTree = "<group>"; };
		6EEAF29F261E60340085E3C6 /* Adverb.swift */ = {isa = PBXFileReference; lastKnownFileType = sourcecode.swift; path = Adverb.swift; sourceTree = "<group>"; };
		6EEAF2A3261F7DC40085E3C6 /* WordStringParser.swift */ = {isa = PBXFileReference; lastKnownFileType = sourcecode.swift; path = WordStringParser.swift; sourceTree = "<group>"; };
		6EEAF2A62620E6CC0085E3C6 /* Punctuation.swift */ = {isa = PBXFileReference; lastKnownFileType = sourcecode.swift; path = Punctuation.swift; sourceTree = "<group>"; };
		6EEAF2AC262115770085E3C6 /* Ambiguous.swift */ = {isa = PBXFileReference; lastKnownFileType = sourcecode.swift; path = Ambiguous.swift; sourceTree = "<group>"; };
		6EEAF2B1262225C90085E3C6 /* ContextFreeGrammarConstruction.swift */ = {isa = PBXFileReference; lastKnownFileType = sourcecode.swift; path = ContextFreeGrammarConstruction.swift; sourceTree = "<group>"; };
		6EEAF2B426222FC10085E3C6 /* CFGrammarLibrary.swift */ = {isa = PBXFileReference; lastKnownFileType = sourcecode.swift; path = CFGrammarLibrary.swift; sourceTree = "<group>"; };
/* End PBXFileReference section */

/* Begin PBXFrameworksBuildPhase section */
		6EE7BD6D2618C01A00840EB7 /* Frameworks */ = {
			isa = PBXFrameworksBuildPhase;
			buildActionMask = 2147483647;
			files = (
			);
			runOnlyForDeploymentPostprocessing = 0;
		};
/* End PBXFrameworksBuildPhase section */

/* Begin PBXGroup section */
		6E0463F926262E0B009A0937 /* Clause */ = {
			isa = PBXGroup;
			children = (
				6E0463F626262813009A0937 /* Cluster.swift */,
				6E6A49242639B3000096C36F /* ClusterResolution.swift */,
				6E0463FA26262E54009A0937 /* DtsInfo.swift */,
				6E6A4926263A1F820096C36F /* WordStringResolution.swift */,
				6E0463FD26263D34009A0937 /* SentenceWordList.swift */,
				6E046400262641F3009A0937 /* Clause.swift */,
				6E04640C2627855F009A0937 /* Phrase.swift */,
				6E04640326264394009A0937 /* Single.swift */,
				6E0464062626448D009A0937 /* Correction.swift */,
				6E046409262769E9009A0937 /* NounCluster.swift */,
				6E04640F2628BA56009A0937 /* VerbCluster.swift */,
				6E04641C262C8705009A0937 /* dIndependentClause.swift */,
				6E8091A32686470F009E1CB5 /* dIndependentAgnosticClause.swift */,
				6EA22483273EC32B006D8A73 /* ClauseManipulation.swift */,
			);
			path = Clause;
			sourceTree = "<group>";
		};
		6E046428262E2910009A0937 /* Bescherelle */ = {
			isa = PBXGroup;
			children = (
				6EAD8E172667ED9E00ADC6F3 /* FrenchCreateVerbModel.swift */,
				6EAD8E182667ED9E00ADC6F3 /* SpanishCreateVerbModel.swift */,
				6E046422262E286F009A0937 /* BVerb.swift */,
				6E046425262E28BC009A0937 /* BRomanceVerb.swift */,
				6EAD8E0B2667E46800ADC6F3 /* RomanceVerbModel.swift */,
				6ECCB6CE267BC63700B24C00 /* EnglishVerbModelConjugation.swift */,
				6EAD8E152667ED7600ADC6F3 /* RomanceVerbModelConjugation.swift */,
				6E04642D262E2CEC009A0937 /* CreateVerbModel.swift */,
				6E046430262E2D32009A0937 /* VerbModel.swift */,
				6E04644B262F80D7009A0937 /* TenseManager.swift */,
				6E046437262F2E3E009A0937 /* Spanish */,
				6ECCB6C9267BA1BA00B24C00 /* English */,
				6E046458263727AE009A0937 /* French */,
			);
			path = Bescherelle;
			sourceTree = "<group>";
		};
		6E046437262F2E3E009A0937 /* Spanish */ = {
			isa = PBXGroup;
			children = (
				6EA1F2E22759824F00830A6E /* RegularSpanishVerb.swift */,
				6E04643A262F2F1C009A0937 /* SpanishVerbList.swift */,
				6E04643B262F2F1C009A0937 /* BSpanishVerb.swift */,
				6E04643C262F2F1C009A0937 /* StemChangingConjugation.swift */,
				6EA1F2E4275983C900830A6E /* IrregularVerbsSpanish.swift */,
				6E04643E262F2F1C009A0937 /* PassiveVerbConjugationSpanish.swift */,
				6EA1F2E62759841700830A6E /* BSpanishVerbExtras.swift */,
				6E046440262F2F1C009A0937 /* ActiveVerbConjugationSpanish.swift */,
			);
			path = Spanish;
			sourceTree = "<group>";
		};
		6E046458263727AE009A0937 /* French */ = {
			isa = PBXGroup;
			children = (
				6E04645526372799009A0937 /* BFrenchVerb.swift */,
				6EAD8E0E2667E6A800ADC6F3 /* ActiveVerbConjugationFrench.swift */,
				6EAD8E0F2667E6A800ADC6F3 /* IrregularVerbsFrench.swift */,
				6EAD8E0D2667E6A800ADC6F3 /* RegularFrenchVerb.swift */,
			);
			path = French;
			sourceTree = "<group>";
		};
		6E0AF19B26387F4D0039791D /* JSON */ = {
			isa = PBXGroup;
			children = (
				6E0BF83A278B6A7800CEC576 /* JsonEnums.swift */,
				6EAD8E1B2667EEF600ADC6F3 /* VerbModelJson.swift */,
				6E1A08C826700D1A00917E81 /* JSONVerbs.swift */,
				6E83D95E268BB7CC007912FE /* JSONPronouns.swift */,
				6E7A3EA22678094E0070364C /* JSONNouns.swift */,
				6EC671A2267E93D800AEBE31 /* JsonAdjectives.swift */,
				6EC671A4267EDAA300AEBE31 /* JSONPrepositions.swift */,
				6EC671A6267F8AAE00AEBE31 /* JsonDeterminers.swift */,
				6E83D95A268A2FBD007912FE /* JSONAdverbs.swift */,
				6E83D95C268A4345007912FE /* JSONConjunctions.swift */,
				6E68AA8F26A880AF00E53331 /* JSONLesson.swift */,
				6E68AA9126A8871100E53331 /* JsonPhrase.swift */,
				6E68AA9326AB30CC00E53331 /* JsonClause.swift */,
				6E32457426F0EEFE00863A46 /* JSONDictionaryManager.swift */,
				6EA1F2D627552D1E00830A6E /* JSONGrammarMapping.swift */,
				6E03E7FE27909A0A0015DAED /* JSONWordCollection.swift */,
				6E03E7FF27909A0A0015DAED /* JSONWordCollectionManager.swift */,
				6E0518B42797798100843352 /* JSONNamedPhrases.swift */,
				6E0518B627987B7F00843352 /* JSONNamedSingleton.swift */,
			);
			path = JSON;
			sourceTree = "<group>";
		};
		6E6A4936264487AA0096C36F /* Games */ = {
			isa = PBXGroup;
			children = (
				6E6A492C2644565B0096C36F /* GamesTemplate.swift */,
				6EE7BD8D2619019900840EB7 /* WordGames.swift */,
				6E6A493426446FF50096C36F /* AdjectiveGames.swift */,
				6E6A4930264467120096C36F /* ArticleGames.swift */,
				6E6A492E264466F90096C36F /* NounGames.swift */,
				6E6A4932264467290096C36F /* VerbGames.swift */,
			);
			path = Games;
			sourceTree = "<group>";
		};
		6E6A4937264487D60096C36F /* WordLists */ = {
			isa = PBXGroup;
			children = (
				6EE7BD90261901E700840EB7 /* PhraseInSingleLanguageView.swift */,
				6E6A494E2645CC7C0096C36F /* WordComponent.swift */,
				6EC671A0267D356800AEBE31 /* MultiVerbConjugation.swift */,
				6E228A30274C61D700E26B86 /* NewPhrasesIn3LanguagesView.swift */,
				6E83D960268F7D81007912FE /* PersonalPronounGames.swift */,
				6E6A494D26459B4F0096C36F /* Components */,
			);
			path = WordLists;
			sourceTree = "<group>";
		};
		6E6A494D26459B4F0096C36F /* Components */ = {
			isa = PBXGroup;
			children = (
				6E6A494526457E8C0096C36F /* CategoryView.swift */,
				6E6A4949264591F20096C36F /* ConciseListView.swift */,
				6E6A494B26459A3E0096C36F /* ExpandedAdjectiveView.swift */,
				6E228A2E2748097700E26B86 /* WordSurgery.swift */,
				6E098C8C274D9D9F00578DF0 /* SentenceView.swift */,
				6E098C8E274EEC0600578DF0 /* LanguageSelectorView.swift */,
			);
			path = Components;
			sourceTree = "<group>";
		};
		6E8091A026851141009E1CB5 /* Random phrase */ = {
			isa = PBXGroup;
			children = (
				6E6A4928263C69A40096C36F /* RandomWords.swift */,
				6E6A492A263F08B20096C36F /* CFSentenceGeneratorRule.swift */,
				6E83D962268FA18B007912FE /* ContextFreePronouns.swift */,
				6E83D964268FD178007912FE /* RandomWordsForPersonalPronounGames.swift */,
				6E83D96A269A520B007912FE /* CFMorphModel.swift */,
			);
			path = "Random phrase";
			sourceTree = "<group>";
		};
		6E83D96C26A47BD6007912FE /* CFLesson */ = {
			isa = PBXGroup;
			children = (
				6E83D96D26A47BFB007912FE /* ContextFreeLesson.swift */,
				6E83D96F26A5F50B007912FE /* ContextFreeLessonView.swift */,
				6E68AA8D26A7758200E53331 /* DetailedPhraseView.swift */,
			);
			path = CFLesson;
			sourceTree = "<group>";
		};
		6E87AE52278DFBFE0089CDC3 /* NamedPhrase */ = {
			isa = PBXGroup;
			children = (
				6E87AE50278CDA700089CDC3 /* LoadWordsIntoPhraseView.swift */,
				6E87AE4C278B9D410089CDC3 /* FilledPhraseView.swift */,
				6E87AE53278E00AF0089CDC3 /* NamedPhraseManager.swift */,
				6E415E55279349F00059A21B /* WordViewModel.swift */,
				6E11BA13279475860067B9A8 /* NamedPhrase.swift */,
				6E0518B82798802D00843352 /* NamedSingleton.swift */,
				6E0518BC27989DA700843352 /* NewNameAlert.swift */,
				6E0518C02798BEE600843352 /* BuildSingletonPhraseView.swift */,
				6E0518C22798CB1100843352 /* BuildNounPhraseView.swift */,
				6E0518C42798D8CF00843352 /* NewNamedPhrase.swift */,
			);
			path = NamedPhrase;
			sourceTree = "<group>";
		};
		6EA1F2D22753D9B000830A6E /* Morph stuff */ = {
			isa = PBXGroup;
			children = (
				6EA1F2E02759815E00830A6E /* MorphStructManager.swift */,
				6EA1F2DC2759814000830A6E /* MorphStep.swift */,
				6EA1F2DD2759814000830A6E /* MorphStruct.swift */,
				6E83D96626938427007912FE /* CFMorphStruct.swift */,
				6E83D96826960834007912FE /* CFMorphSentence.swift */,
			);
			path = "Morph stuff";
			sourceTree = "<group>";
		};
		6EB084012730665200ADCB11 /* Semantics */ = {
			isa = PBXGroup;
			children = (
				6EB084022730669A00ADCB11 /* SemanticsAdjective.swift */,
				6EB08404273090CD00ADCB11 /* SemanticsEnum.swift */,
			);
			path = Semantics;
			sourceTree = "<group>";
		};
		6ECCB6C9267BA1BA00B24C00 /* English */ = {
			isa = PBXGroup;
			children = (
				6E7A3EA6267A64620070364C /* EnglishCreateVerbModel.swift */,
				6ECCB6CA267BA20200B24C00 /* BEnglishVerb.swift */,
			);
			path = English;
			sourceTree = "<group>";
		};
		6ED7B90127514FBB004D5BBA /* Utilities */ = {
			isa = PBXGroup;
			children = (
				6E30924B275D7E53009BEDB4 /* GitHubTest.swift */,
				6E0BF81D2783C0FA00CEC576 /* EnumExceptions.swift */,
				6ED7B90C275156A1004D5BBA /* EnumsContentFree.swift */,
				6ED7B90227514FCA004D5BBA /* EnumsNumberGenderPersonAndTense.swift */,
				6EE7BDB0261A188100840EB7 /* EnumPartOfSpeech.swift */,
				6ED7B908275155AB004D5BBA /* MiscSentenceStructs.swift */,
				6E0C03C827810B0100260899 /* PhraseIndexMapping.swift */,
				6EAD8E25266C2D4800ADC6F3 /* WordStateData.swift */,
				6EEAF2A3261F7DC40085E3C6 /* WordStringParser.swift */,
				6EEA95AA276155C500F73573 /* StringExtension.swift */,
			);
			path = Utilities;
			sourceTree = "<group>";
		};
		6EE7BD672618C01A00840EB7 = {
			isa = PBXGroup;
			children = (
				6EE7BD732618C01A00840EB7 /* ContextFreeApp.swift */,
				6EE7BD722618C01A00840EB7 /* ContextFree */,
				6EE7BD712618C01A00840EB7 /* Products */,
			);
			sourceTree = "<group>";
		};
		6EE7BD712618C01A00840EB7 /* Products */ = {
			isa = PBXGroup;
			children = (
				6EE7BD702618C01A00840EB7 /* ContextFree.app */,
			);
			name = Products;
			sourceTree = "<group>";
		};
		6EE7BD722618C01A00840EB7 /* ContextFree */ = {
			isa = PBXGroup;
			children = (
				6E87AE52278DFBFE0089CDC3 /* NamedPhrase */,
				6EA1F2D22753D9B000830A6E /* Morph stuff */,
				6ED7B90127514FBB004D5BBA /* Utilities */,
				6EB084012730665200ADCB11 /* Semantics */,
				6E83D96C26A47BD6007912FE /* CFLesson */,
				6E8091A026851141009E1CB5 /* Random phrase */,
				6E0AF19B26387F4D0039791D /* JSON */,
				6E046428262E2910009A0937 /* Bescherelle */,
				6E0463F926262E0B009A0937 /* Clause */,
				6EE7BDA4261A175300840EB7 /* LanguageEngine */,
				6EE7BDBE261A43C600840EB7 /* ContextFreeStructs */,
				6EE7BD932619020D00840EB7 /* Views */,
				6EE7BD992619040900840EB7 /* Unconjugate.swift */,
				6EE7BD772618C02400840EB7 /* Assets.xcassets */,
				6EE7BD7C2618C02400840EB7 /* Info.plist */,
				6EE7BD792618C02400840EB7 /* Preview Content */,
				6EE7BDB8261A1EFB00840EB7 /* MVVM */,
				6EEA95BC2762B80600F73573 /* AgnosticWord.swift */,
				6E0BF82F2789F7F300CEC576 /* Capitulo.swift */,
			);
			path = ContextFree;
			sourceTree = "<group>";
		};
		6EE7BD792618C02400840EB7 /* Preview Content */ = {
			isa = PBXGroup;
			children = (
				6EE7BD7A2618C02400840EB7 /* Preview Assets.xcassets */,
			);
			path = "Preview Content";
			sourceTree = "<group>";
		};
		6EE7BD932619020D00840EB7 /* Views */ = {
			isa = PBXGroup;
			children = (
				6E273EAE26B9ACDB002D219A /* HeaderView.swift */,
				6E6A4937264487D60096C36F /* WordLists */,
				6E6A4936264487AA0096C36F /* Games */,
				6E273EB026B9B40A002D219A /* LanguageChooserView.swift */,
				6EBD7BA8277D0CF300460AB7 /* ClauseWorkSpace.swift */,
			);
			path = Views;
			sourceTree = "<group>";
		};
		6EE7BDA4261A175300840EB7 /* LanguageEngine */ = {
			isa = PBXGroup;
			children = (
				6EEAF28C261B76750085E3C6 /* Word.swift */,
				6EE7BDA5261A177100840EB7 /* Adjective.swift */,
				6EEAF29F261E60340085E3C6 /* Adverb.swift */,
				6EEAF2AC262115770085E3C6 /* Ambiguous.swift */,
				6E04645126322381009A0937 /* AmbiguousPronoun.swift */,
				6EE7BDA6261A177100840EB7 /* Article.swift */,
				6E046418262C6F2C009A0937 /* Conjunction.swift */,
				6EE7BDA9261A177200840EB7 /* Determiner.swift */,
				6EE7BDA7261A177100840EB7 /* Noun.swift */,
				6EEAF29C261E59460085E3C6 /* Preposition.swift */,
				6EAD8E212667F50000ADC6F3 /* Pronoun.swift */,
				6EEAF2A62620E6CC0085E3C6 /* Punctuation.swift */,
				6EE7BDBA261A2ED500840EB7 /* Verb.swift */,
				6EEAF288261A9E230085E3C6 /* VerbUtilities.swift */,
				6E7A3EA026752F6B0070364C /* GeneralWords.swift */,
				6EEAF295261DF54F0085E3C6 /* SpanishWords.swift */,
				6E04644E2631D16E009A0937 /* FrenchWords.swift */,
				6EEAF298261DF6100085E3C6 /* EnglishWords.swift */,
				6EB084062731F61500ADCB11 /* VerbModelManager.swift */,
			);
			path = LanguageEngine;
			sourceTree = "<group>";
		};
		6EE7BDB8261A1EFB00840EB7 /* MVVM */ = {
			isa = PBXGroup;
			children = (
				6EE7BD752618C01A00840EB7 /* ContentView.swift */,
				6EE7BDB4261A1E2400840EB7 /* CFModel.swift */,
				6EE7BDC2261A464D00840EB7 /* CFModelView.swift */,
			);
			path = MVVM;
			sourceTree = "<group>";
		};
		6EE7BDBE261A43C600840EB7 /* ContextFreeStructs */ = {
			isa = PBXGroup;
			children = (
				6EC671A82681357400AEBE31 /* CFUniversal.swift */,
				6E0464132629E523009A0937 /* WordRuleManager.swift */,
				6EE7BD9C261912AE00840EB7 /* Sentence.swift */,
				6EE7BD852618C08300840EB7 /* ContextFreeGrammar.swift */,
				6EE7BD842618C08300840EB7 /* ContextFreeRule.swift */,
				6EEAF2B1262225C90085E3C6 /* ContextFreeGrammarConstruction.swift */,
				6EEAF2B426222FC10085E3C6 /* CFGrammarLibrary.swift */,
				6E7A3E9E2674F9770070364C /* Disambiguation.swift */,
				6E7A3EA4267A582C0070364C /* ContextFreeMapping.swift */,
			);
			path = ContextFreeStructs;
			sourceTree = "<group>";
		};
/* End PBXGroup section */

/* Begin PBXNativeTarget section */
		6EE7BD6F2618C01A00840EB7 /* ContextFree */ = {
			isa = PBXNativeTarget;
			buildConfigurationList = 6EE7BD7F2618C02400840EB7 /* Build configuration list for PBXNativeTarget "ContextFree" */;
			buildPhases = (
				6EE7BD6C2618C01A00840EB7 /* Sources */,
				6EE7BD6D2618C01A00840EB7 /* Frameworks */,
				6EE7BD6E2618C01A00840EB7 /* Resources */,
			);
			buildRules = (
			);
			dependencies = (
			);
			name = ContextFree;
			productName = ContextFree;
			productReference = 6EE7BD702618C01A00840EB7 /* ContextFree.app */;
			productType = "com.apple.product-type.application";
		};
/* End PBXNativeTarget section */

/* Begin PBXProject section */
		6EE7BD682618C01A00840EB7 /* Project object */ = {
			isa = PBXProject;
			attributes = {
				LastSwiftUpdateCheck = 1240;
				LastUpgradeCheck = 1240;
				TargetAttributes = {
					6EE7BD6F2618C01A00840EB7 = {
						CreatedOnToolsVersion = 12.4;
					};
				};
			};
			buildConfigurationList = 6EE7BD6B2618C01A00840EB7 /* Build configuration list for PBXProject "ContextFree" */;
			compatibilityVersion = "Xcode 9.3";
			developmentRegion = en;
			hasScannedForEncodings = 0;
			knownRegions = (
				en,
				Base,
			);
			mainGroup = 6EE7BD672618C01A00840EB7;
			productRefGroup = 6EE7BD712618C01A00840EB7 /* Products */;
			projectDirPath = "";
			projectRoot = "";
			targets = (
				6EE7BD6F2618C01A00840EB7 /* ContextFree */,
			);
		};
/* End PBXProject section */

/* Begin PBXResourcesBuildPhase section */
		6EE7BD6E2618C01A00840EB7 /* Resources */ = {
			isa = PBXResourcesBuildPhase;
			buildActionMask = 2147483647;
			files = (
				6EE7BD7B2618C02400840EB7 /* Preview Assets.xcassets in Resources */,
				6EE7BD782618C02400840EB7 /* Assets.xcassets in Resources */,
			);
			runOnlyForDeploymentPostprocessing = 0;
		};
/* End PBXResourcesBuildPhase section */

/* Begin PBXSourcesBuildPhase section */
		6EE7BD6C2618C01A00840EB7 /* Sources */ = {
			isa = PBXSourcesBuildPhase;
			buildActionMask = 2147483647;
			files = (
				6EEAF29D261E59460085E3C6 /* Preposition.swift in Sources */,
				6EE7BD9D261912AE00840EB7 /* Sentence.swift in Sources */,
				6EEA95BD2762B80600F73573 /* AgnosticWord.swift in Sources */,
				6EEAF2A0261E60340085E3C6 /* Adverb.swift in Sources */,
				6E87AE51278CDA700089CDC3 /* LoadWordsIntoPhraseView.swift in Sources */,
				6EE7BD8E2619019900840EB7 /* WordGames.swift in Sources */,
				6E415E56279349F00059A21B /* WordViewModel.swift in Sources */,
				6E046431262E2D32009A0937 /* VerbModel.swift in Sources */,
				6E046401262641F3009A0937 /* Clause.swift in Sources */,
				6E0518B727987B7F00843352 /* JSONNamedSingleton.swift in Sources */,
				6EEAF2B2262225C90085E3C6 /* ContextFreeGrammarConstruction.swift in Sources */,
				6EE7BD762618C01A00840EB7 /* ContentView.swift in Sources */,
				6E03E80027909A0A0015DAED /* JSONWordCollection.swift in Sources */,
				6EE7BDB1261A188100840EB7 /* EnumPartOfSpeech.swift in Sources */,
				6E6A493526446FF50096C36F /* AdjectiveGames.swift in Sources */,
				6E6A494626457E8D0096C36F /* CategoryView.swift in Sources */,
				6EEAF299261DF6100085E3C6 /* EnglishWords.swift in Sources */,
				6EC671A3267E93D800AEBE31 /* JsonAdjectives.swift in Sources */,
				6E0463FE26263D34009A0937 /* SentenceWordList.swift in Sources */,
				6EEAF2A4261F7DC40085E3C6 /* WordStringParser.swift in Sources */,
				6EE7BDC3261A464D00840EB7 /* CFModelView.swift in Sources */,
				6E0464142629E523009A0937 /* WordRuleManager.swift in Sources */,
				6E83D961268F7D81007912FE /* PersonalPronounGames.swift in Sources */,
				6EEAF2AD262115770085E3C6 /* Ambiguous.swift in Sources */,
				6E0464562637279A009A0937 /* BFrenchVerb.swift in Sources */,
				6EAD8E1C2667EEF600ADC6F3 /* VerbModelJson.swift in Sources */,
				6E046443262F2F1D009A0937 /* BSpanishVerb.swift in Sources */,
				6E83D96726938427007912FE /* CFMorphStruct.swift in Sources */,
				6EEAF2A72620E6CC0085E3C6 /* Punctuation.swift in Sources */,
				6E04642E262E2CEC009A0937 /* CreateVerbModel.swift in Sources */,
				6EA1F2E5275983C900830A6E /* IrregularVerbsSpanish.swift in Sources */,
				6E0518C52798D8CF00843352 /* NewNamedPhrase.swift in Sources */,
				6E273EAF26B9ACDB002D219A /* HeaderView.swift in Sources */,
				6E7A3EA5267A582D0070364C /* ContextFreeMapping.swift in Sources */,
				6E098C8F274EEC0600578DF0 /* LanguageSelectorView.swift in Sources */,
				6E0463FB26262E54009A0937 /* DtsInfo.swift in Sources */,
				6E046423262E2870009A0937 /* BVerb.swift in Sources */,
				6E098C8D274D9D9F00578DF0 /* SentenceView.swift in Sources */,
				6EE7BD742618C01A00840EB7 /* ContextFreeApp.swift in Sources */,
				6EAD8E192667ED9E00ADC6F3 /* FrenchCreateVerbModel.swift in Sources */,
				6E0464072626448D009A0937 /* Correction.swift in Sources */,
				6ECCB6CF267BC63700B24C00 /* EnglishVerbModelConjugation.swift in Sources */,
				6EE7BDB5261A1E2400840EB7 /* CFModel.swift in Sources */,
				6E046442262F2F1D009A0937 /* SpanishVerbList.swift in Sources */,
				6EAD8E102667E6A800ADC6F3 /* RegularFrenchVerb.swift in Sources */,
				6E7A3EA32678094E0070364C /* JSONNouns.swift in Sources */,
				6E30924C275D7E53009BEDB4 /* GitHubTest.swift in Sources */,
				6EC671A5267EDAA300AEBE31 /* JSONPrepositions.swift in Sources */,
				6E6A4929263C69A40096C36F /* RandomWords.swift in Sources */,
				6E046444262F2F1D009A0937 /* StemChangingConjugation.swift in Sources */,
				6E11BA14279475860067B9A8 /* NamedPhrase.swift in Sources */,
				6EC671A7267F8AAE00AEBE31 /* JsonDeterminers.swift in Sources */,
				6EAD8E1A2667ED9E00ADC6F3 /* SpanishCreateVerbModel.swift in Sources */,
				6EC671A1267D356800AEBE31 /* MultiVerbConjugation.swift in Sources */,
				6ED7B909275155AB004D5BBA /* MiscSentenceStructs.swift in Sources */,
				6E83D96E26A47BFC007912FE /* ContextFreeLesson.swift in Sources */,
				6E0463F726262814009A0937 /* Cluster.swift in Sources */,
				6E0518C32798CB1100843352 /* BuildNounPhraseView.swift in Sources */,
				6E6A4927263A1F820096C36F /* WordStringResolution.swift in Sources */,
				6E04640A262769E9009A0937 /* NounCluster.swift in Sources */,
				6E83D95D268A4345007912FE /* JSONConjunctions.swift in Sources */,
				6E0BF8302789F7F300CEC576 /* Capitulo.swift in Sources */,
				6E87AE4D278B9D410089CDC3 /* FilledPhraseView.swift in Sources */,
				6EA1F2D727552D1E00830A6E /* JSONGrammarMapping.swift in Sources */,
				6E0518B92798802D00843352 /* NamedSingleton.swift in Sources */,
				6E0518B52797798100843352 /* JSONNamedPhrases.swift in Sources */,
				6E83D97026A5F50B007912FE /* ContextFreeLessonView.swift in Sources */,
				6E04645226322382009A0937 /* AmbiguousPronoun.swift in Sources */,
				6E68AA9226A8871100E53331 /* JsonPhrase.swift in Sources */,
				6E6A494A264591F20096C36F /* ConciseListView.swift in Sources */,
				6E8091A42686470F009E1CB5 /* dIndependentAgnosticClause.swift in Sources */,
				6E273EB126B9B40A002D219A /* LanguageChooserView.swift in Sources */,
				6ED7B90D275156A1004D5BBA /* EnumsContentFree.swift in Sources */,
				6EC671A92681357500AEBE31 /* CFUniversal.swift in Sources */,
				6E046419262C6F2C009A0937 /* Conjunction.swift in Sources */,
				6E228A31274C61D700E26B86 /* NewPhrasesIn3LanguagesView.swift in Sources */,
				6EB08405273090CD00ADCB11 /* SemanticsEnum.swift in Sources */,
				6E83D95B268A2FBD007912FE /* JSONAdverbs.swift in Sources */,
				6EE7BD91261901E700840EB7 /* PhraseInSingleLanguageView.swift in Sources */,
				6E0BF83B278B6A7800CEC576 /* JsonEnums.swift in Sources */,
				6E046448262F2F1D009A0937 /* ActiveVerbConjugationSpanish.swift in Sources */,
				6E046446262F2F1D009A0937 /* PassiveVerbConjugationSpanish.swift in Sources */,
				6EE7BDAA261A177200840EB7 /* Adjective.swift in Sources */,
				6E04640426264394009A0937 /* Single.swift in Sources */,
				6E228A2F2748097700E26B86 /* WordSurgery.swift in Sources */,
				6E03E80127909A0A0015DAED /* JSONWordCollectionManager.swift in Sources */,
				6E6A4933264467290096C36F /* VerbGames.swift in Sources */,
				6EB084072731F61500ADCB11 /* VerbModelManager.swift in Sources */,
				6E6A4931264467120096C36F /* ArticleGames.swift in Sources */,
				6E83D965268FD179007912FE /* RandomWordsForPersonalPronounGames.swift in Sources */,
				6E04640D2627855F009A0937 /* Phrase.swift in Sources */,
				6E68AA8E26A7758200E53331 /* DetailedPhraseView.swift in Sources */,
				6E6A492D2644565B0096C36F /* GamesTemplate.swift in Sources */,
				6E0C03C927810B0100260899 /* PhraseIndexMapping.swift in Sources */,
				6E83D96B269A520B007912FE /* CFMorphModel.swift in Sources */,
				6EA1F2E32759824F00830A6E /* RegularSpanishVerb.swift in Sources */,
				6EE7BDAC261A177200840EB7 /* Noun.swift in Sources */,
				6EAD8E112667E6A800ADC6F3 /* ActiveVerbConjugationFrench.swift in Sources */,
				6E0464102628BA56009A0937 /* VerbCluster.swift in Sources */,
				6E04644C262F80D7009A0937 /* TenseManager.swift in Sources */,
				6EA1F2E72759841700830A6E /* BSpanishVerbExtras.swift in Sources */,
				6EBD7BA9277D0CF300460AB7 /* ClauseWorkSpace.swift in Sources */,
				6E83D95F268BB7CD007912FE /* JSONPronouns.swift in Sources */,
				6EE7BD9A2619040900840EB7 /* Unconjugate.swift in Sources */,
				6EAD8E26266C2D4900ADC6F3 /* WordStateData.swift in Sources */,
				6E6A494C26459A3E0096C36F /* ExpandedAdjectiveView.swift in Sources */,
				6E0518C12798BEE600843352 /* BuildSingletonPhraseView.swift in Sources */,
				6EE7BDAE261A177200840EB7 /* Determiner.swift in Sources */,
				6E0BF81E2783C0FA00CEC576 /* EnumExceptions.swift in Sources */,
				6E6A492B263F08B20096C36F /* CFSentenceGeneratorRule.swift in Sources */,
				6EB084032730669A00ADCB11 /* SemanticsAdjective.swift in Sources */,
				6E7A3E9F2674F9770070364C /* Disambiguation.swift in Sources */,
				6E32457526F0EEFE00863A46 /* JSONDictionaryManager.swift in Sources */,
				6EEAF2B526222FC10085E3C6 /* CFGrammarLibrary.swift in Sources */,
				6EA1F2E12759815E00830A6E /* MorphStructManager.swift in Sources */,
				6E0518BD27989DA700843352 /* NewNameAlert.swift in Sources */,
				6E6A492F264466F90096C36F /* NounGames.swift in Sources */,
				6EAD8E222667F50000ADC6F3 /* Pronoun.swift in Sources */,
				6EA1F2DF2759814000830A6E /* MorphStruct.swift in Sources */,
				6EE7BD872618C08300840EB7 /* ContextFreeRule.swift in Sources */,
				6EAD8E162667ED7600ADC6F3 /* RomanceVerbModelConjugation.swift in Sources */,
				6E83D96926960835007912FE /* CFMorphSentence.swift in Sources */,
				6E04641D262C8705009A0937 /* dIndependentClause.swift in Sources */,
				6EA1F2DE2759814000830A6E /* MorphStep.swift in Sources */,
				6E046426262E28BC009A0937 /* BRomanceVerb.swift in Sources */,
				6EA22484273EC32B006D8A73 /* ClauseManipulation.swift in Sources */,
				6E83D963268FA18B007912FE /* ContextFreePronouns.swift in Sources */,
				6EAD8E122667E6A800ADC6F3 /* IrregularVerbsFrench.swift in Sources */,
				6ECCB6CB267BA20200B24C00 /* BEnglishVerb.swift in Sources */,
				6E6A49252639B3000096C36F /* ClusterResolution.swift in Sources */,
				6EAD8E0C2667E46800ADC6F3 /* RomanceVerbModel.swift in Sources */,
				6E7A3EA126752F6B0070364C /* GeneralWords.swift in Sources */,
				6EEAF296261DF54F0085E3C6 /* SpanishWords.swift in Sources */,
				6E1A08C926700D1A00917E81 /* JSONVerbs.swift in Sources */,
				6EE7BD882618C08300840EB7 /* ContextFreeGrammar.swift in Sources */,
				6E6A494F2645CC7C0096C36F /* WordComponent.swift in Sources */,
				6EEA95AB276155C500F73573 /* StringExtension.swift in Sources */,
				6E68AA9426AB30CC00E53331 /* JsonClause.swift in Sources */,
				6E68AA9026A880AF00E53331 /* JSONLesson.swift in Sources */,
				6E7A3EA7267A64620070364C /* EnglishCreateVerbModel.swift in Sources */,
				6E04644F2631D16E009A0937 /* FrenchWords.swift in Sources */,
				6E87AE54278E00AF0089CDC3 /* NamedPhraseManager.swift in Sources */,
				6EEAF28D261B76750085E3C6 /* Word.swift in Sources */,
				6EE7BDAB261A177200840EB7 /* Article.swift in Sources */,
				6ED7B90327514FCA004D5BBA /* EnumsNumberGenderPersonAndTense.swift in Sources */,
				6EEAF289261A9E230085E3C6 /* VerbUtilities.swift in Sources */,
				6EE7BDBB261A2ED500840EB7 /* Verb.swift in Sources */,
			);
			runOnlyForDeploymentPostprocessing = 0;
		};
/* End PBXSourcesBuildPhase section */

/* Begin XCBuildConfiguration section */
		6EE7BD7D2618C02400840EB7 /* Debug */ = {
			isa = XCBuildConfiguration;
			buildSettings = {
				ALWAYS_SEARCH_USER_PATHS = NO;
				CLANG_ANALYZER_NONNULL = YES;
				CLANG_ANALYZER_NUMBER_OBJECT_CONVERSION = YES_AGGRESSIVE;
				CLANG_CXX_LANGUAGE_STANDARD = "gnu++14";
				CLANG_CXX_LIBRARY = "libc++";
				CLANG_ENABLE_MODULES = YES;
				CLANG_ENABLE_OBJC_ARC = YES;
				CLANG_ENABLE_OBJC_WEAK = YES;
				CLANG_WARN_BLOCK_CAPTURE_AUTORELEASING = YES;
				CLANG_WARN_BOOL_CONVERSION = YES;
				CLANG_WARN_COMMA = YES;
				CLANG_WARN_CONSTANT_CONVERSION = YES;
				CLANG_WARN_DEPRECATED_OBJC_IMPLEMENTATIONS = YES;
				CLANG_WARN_DIRECT_OBJC_ISA_USAGE = YES_ERROR;
				CLANG_WARN_DOCUMENTATION_COMMENTS = YES;
				CLANG_WARN_EMPTY_BODY = YES;
				CLANG_WARN_ENUM_CONVERSION = YES;
				CLANG_WARN_INFINITE_RECURSION = YES;
				CLANG_WARN_INT_CONVERSION = YES;
				CLANG_WARN_NON_LITERAL_NULL_CONVERSION = YES;
				CLANG_WARN_OBJC_IMPLICIT_RETAIN_SELF = YES;
				CLANG_WARN_OBJC_LITERAL_CONVERSION = YES;
				CLANG_WARN_OBJC_ROOT_CLASS = YES_ERROR;
				CLANG_WARN_QUOTED_INCLUDE_IN_FRAMEWORK_HEADER = YES;
				CLANG_WARN_RANGE_LOOP_ANALYSIS = YES;
				CLANG_WARN_STRICT_PROTOTYPES = YES;
				CLANG_WARN_SUSPICIOUS_MOVE = YES;
				CLANG_WARN_UNGUARDED_AVAILABILITY = YES_AGGRESSIVE;
				CLANG_WARN_UNREACHABLE_CODE = YES;
				CLANG_WARN__DUPLICATE_METHOD_MATCH = YES;
				COPY_PHASE_STRIP = NO;
				DEBUG_INFORMATION_FORMAT = dwarf;
				ENABLE_STRICT_OBJC_MSGSEND = YES;
				ENABLE_TESTABILITY = YES;
				GCC_C_LANGUAGE_STANDARD = gnu11;
				GCC_DYNAMIC_NO_PIC = NO;
				GCC_NO_COMMON_BLOCKS = YES;
				GCC_OPTIMIZATION_LEVEL = 0;
				GCC_PREPROCESSOR_DEFINITIONS = (
					"DEBUG=1",
					"$(inherited)",
				);
				GCC_WARN_64_TO_32_BIT_CONVERSION = YES;
				GCC_WARN_ABOUT_RETURN_TYPE = YES_ERROR;
				GCC_WARN_UNDECLARED_SELECTOR = YES;
				GCC_WARN_UNINITIALIZED_AUTOS = YES_AGGRESSIVE;
				GCC_WARN_UNUSED_FUNCTION = YES;
				GCC_WARN_UNUSED_VARIABLE = YES;
				IPHONEOS_DEPLOYMENT_TARGET = 14.4;
				MTL_ENABLE_DEBUG_INFO = INCLUDE_SOURCE;
				MTL_FAST_MATH = YES;
				ONLY_ACTIVE_ARCH = YES;
				SDKROOT = iphoneos;
				SWIFT_ACTIVE_COMPILATION_CONDITIONS = DEBUG;
				SWIFT_OPTIMIZATION_LEVEL = "-Onone";
			};
			name = Debug;
		};
		6EE7BD7E2618C02400840EB7 /* Release */ = {
			isa = XCBuildConfiguration;
			buildSettings = {
				ALWAYS_SEARCH_USER_PATHS = NO;
				CLANG_ANALYZER_NONNULL = YES;
				CLANG_ANALYZER_NUMBER_OBJECT_CONVERSION = YES_AGGRESSIVE;
				CLANG_CXX_LANGUAGE_STANDARD = "gnu++14";
				CLANG_CXX_LIBRARY = "libc++";
				CLANG_ENABLE_MODULES = YES;
				CLANG_ENABLE_OBJC_ARC = YES;
				CLANG_ENABLE_OBJC_WEAK = YES;
				CLANG_WARN_BLOCK_CAPTURE_AUTORELEASING = YES;
				CLANG_WARN_BOOL_CONVERSION = YES;
				CLANG_WARN_COMMA = YES;
				CLANG_WARN_CONSTANT_CONVERSION = YES;
				CLANG_WARN_DEPRECATED_OBJC_IMPLEMENTATIONS = YES;
				CLANG_WARN_DIRECT_OBJC_ISA_USAGE = YES_ERROR;
				CLANG_WARN_DOCUMENTATION_COMMENTS = YES;
				CLANG_WARN_EMPTY_BODY = YES;
				CLANG_WARN_ENUM_CONVERSION = YES;
				CLANG_WARN_INFINITE_RECURSION = YES;
				CLANG_WARN_INT_CONVERSION = YES;
				CLANG_WARN_NON_LITERAL_NULL_CONVERSION = YES;
				CLANG_WARN_OBJC_IMPLICIT_RETAIN_SELF = YES;
				CLANG_WARN_OBJC_LITERAL_CONVERSION = YES;
				CLANG_WARN_OBJC_ROOT_CLASS = YES_ERROR;
				CLANG_WARN_QUOTED_INCLUDE_IN_FRAMEWORK_HEADER = YES;
				CLANG_WARN_RANGE_LOOP_ANALYSIS = YES;
				CLANG_WARN_STRICT_PROTOTYPES = YES;
				CLANG_WARN_SUSPICIOUS_MOVE = YES;
				CLANG_WARN_UNGUARDED_AVAILABILITY = YES_AGGRESSIVE;
				CLANG_WARN_UNREACHABLE_CODE = YES;
				CLANG_WARN__DUPLICATE_METHOD_MATCH = YES;
				COPY_PHASE_STRIP = NO;
				DEBUG_INFORMATION_FORMAT = "dwarf-with-dsym";
				ENABLE_NS_ASSERTIONS = NO;
				ENABLE_STRICT_OBJC_MSGSEND = YES;
				GCC_C_LANGUAGE_STANDARD = gnu11;
				GCC_NO_COMMON_BLOCKS = YES;
				GCC_WARN_64_TO_32_BIT_CONVERSION = YES;
				GCC_WARN_ABOUT_RETURN_TYPE = YES_ERROR;
				GCC_WARN_UNDECLARED_SELECTOR = YES;
				GCC_WARN_UNINITIALIZED_AUTOS = YES_AGGRESSIVE;
				GCC_WARN_UNUSED_FUNCTION = YES;
				GCC_WARN_UNUSED_VARIABLE = YES;
				IPHONEOS_DEPLOYMENT_TARGET = 14.4;
				MTL_ENABLE_DEBUG_INFO = NO;
				MTL_FAST_MATH = YES;
				SDKROOT = iphoneos;
				SWIFT_COMPILATION_MODE = wholemodule;
				SWIFT_OPTIMIZATION_LEVEL = "-O";
				VALIDATE_PRODUCT = YES;
			};
			name = Release;
		};
		6EE7BD802618C02400840EB7 /* Debug */ = {
			isa = XCBuildConfiguration;
			buildSettings = {
				ASSETCATALOG_COMPILER_APPICON_NAME = AppIcon;
				ASSETCATALOG_COMPILER_GLOBAL_ACCENT_COLOR_NAME = AccentColor;
				CODE_SIGN_STYLE = Automatic;
				DEVELOPMENT_ASSET_PATHS = "\"ContextFree/Preview Content\"";
				DEVELOPMENT_TEAM = 4NB5TKGZKF;
				ENABLE_PREVIEWS = YES;
				INFOPLIST_FILE = ContextFree/Info.plist;
				IPHONEOS_DEPLOYMENT_TARGET = 14.0;
				LD_RUNPATH_SEARCH_PATHS = (
					"$(inherited)",
					"@executable_path/Frameworks",
				);
				PRODUCT_BUNDLE_IDENTIFIER = com.ChuckDiggins.ContextFree;
				PRODUCT_NAME = "$(TARGET_NAME)";
				SWIFT_VERSION = 5.0;
				TARGETED_DEVICE_FAMILY = "1,2";
			};
			name = Debug;
		};
		6EE7BD812618C02400840EB7 /* Release */ = {
			isa = XCBuildConfiguration;
			buildSettings = {
				ASSETCATALOG_COMPILER_APPICON_NAME = AppIcon;
				ASSETCATALOG_COMPILER_GLOBAL_ACCENT_COLOR_NAME = AccentColor;
				CODE_SIGN_STYLE = Automatic;
				DEVELOPMENT_ASSET_PATHS = "\"ContextFree/Preview Content\"";
				DEVELOPMENT_TEAM = 4NB5TKGZKF;
				ENABLE_PREVIEWS = YES;
				INFOPLIST_FILE = ContextFree/Info.plist;
				IPHONEOS_DEPLOYMENT_TARGET = 14.0;
				LD_RUNPATH_SEARCH_PATHS = (
					"$(inherited)",
					"@executable_path/Frameworks",
				);
				PRODUCT_BUNDLE_IDENTIFIER = com.ChuckDiggins.ContextFree;
				PRODUCT_NAME = "$(TARGET_NAME)";
				SWIFT_VERSION = 5.0;
				TARGETED_DEVICE_FAMILY = "1,2";
			};
			name = Release;
		};
/* End XCBuildConfiguration section */

/* Begin XCConfigurationList section */
		6EE7BD6B2618C01A00840EB7 /* Build configuration list for PBXProject "ContextFree" */ = {
			isa = XCConfigurationList;
			buildConfigurations = (
				6EE7BD7D2618C02400840EB7 /* Debug */,
				6EE7BD7E2618C02400840EB7 /* Release */,
			);
			defaultConfigurationIsVisible = 0;
			defaultConfigurationName = Release;
		};
		6EE7BD7F2618C02400840EB7 /* Build configuration list for PBXNativeTarget "ContextFree" */ = {
			isa = XCConfigurationList;
			buildConfigurations = (
				6EE7BD802618C02400840EB7 /* Debug */,
				6EE7BD812618C02400840EB7 /* Release */,
			);
			defaultConfigurationIsVisible = 0;
			defaultConfigurationName = Release;
		};
/* End XCConfigurationList section */
	};
	rootObject = 6EE7BD682618C01A00840EB7 /* Project object */;
}
